
Microsoft Visual Studio Solution File, Format Version 12.00
# Visual Studio Version 16
VisualStudioVersion = 16.0.29230.47
MinimumVisualStudioVersion = 10.0.40219.1
Project("{2150E333-8FDC-42A3-9474-1A3956D46DE8}") = "Presentation", "Presentation", "{01189695-E754-48AE-8F79-3180BEEC5A3F}"
EndProject
Project("{2150E333-8FDC-42A3-9474-1A3956D46DE8}") = "Logic", "Logic", "{9CD1AE7F-4D76-4430-A81F-EC136BDD6D21}"
EndProject
Project("{2150E333-8FDC-42A3-9474-1A3956D46DE8}") = "Data", "Data", "{63D49028-2C5B-4C2E-AF1F-C90B0052D7C7}"
EndProject
Project("{2150E333-8FDC-42A3-9474-1A3956D46DE8}") = "XmlFiles", "XmlFiles", "{B66A211B-7835-4FEF-83D7-C72FEB784E95}"
EndProject
Project("{2150E333-8FDC-42A3-9474-1A3956D46DE8}") = "Resources", "Resources", "{715759C0-60C5-40CE-95BA-D98141B0F811}"
EndProject
Project("{2150E333-8FDC-42A3-9474-1A3956D46DE8}") = "Communication", "Communication", "{3C57A81A-578E-41DD-93EF-85A943A7E7B0}"
EndProject
Project("{2150E333-8FDC-42A3-9474-1A3956D46DE8}") = "Frameworks", "Frameworks", "{FBD582C4-1275-4212-9196-992BFAE48D01}"
EndProject
Project("{2150E333-8FDC-42A3-9474-1A3956D46DE8}") = "Xsd Files", "Xsd Files", "{184ABE9A-3B69-401A-BB2D-9380A0C6D9DF}"
	ProjectSection(SolutionItems) = preProject
		DebtorInputData.xsd = DebtorInputData.xsd
		Xsd Files\NplIntegratedToolReply.xsd = Xsd Files\NplIntegratedToolReply.xsd
		Xsd Files\NplIntegratedToolRequest.xsd = Xsd Files\NplIntegratedToolRequest.xsd
		Xsd Files\NplToolCollateralBase.xsd = Xsd Files\NplToolCollateralBase.xsd
		Xsd Files\NplToolDebtorBase.xsd = Xsd Files\NplToolDebtorBase.xsd
		Xsd Files\NplToolDebtorCalculated.xsd = Xsd Files\NplToolDebtorCalculated.xsd
		Xsd Files\NplToolLoanBase.xsd = Xsd Files\NplToolLoanBase.xsd
		Xsd Files\OdissyBaseTypes.xsd = Xsd Files\OdissyBaseTypes.xsd
	EndProjectSection
EndProject
Project("{2150E333-8FDC-42A3-9474-1A3956D46DE8}") = ".nuget", ".nuget", "{3B7C9FCD-ADF0-453A-A1D2-16E8D53FA236}"
	ProjectSection(SolutionItems) = preProject
		.nuget\packages.config = .nuget\packages.config
	EndProjectSection
EndProject
Project("{2150E333-8FDC-42A3-9474-1A3956D46DE8}") = "wsdl", "wsdl", "{E31B9467-3F0B-4E21-B28A-362C55A0A0C5}"
	ProjectSection(SolutionItems) = preProject
		wsdl\AlertsSMS.wsdl = wsdl\AlertsSMS.wsdl
		wsdl\odissy.wsdl = wsdl\odissy.wsdl
	EndProjectSection
EndProject
Project("{2150E333-8FDC-42A3-9474-1A3956D46DE8}") = "Utils", "Utils", "{B56F4651-3481-412C-BA2B-1BF404EFD68A}"
EndProject
Project("{2150E333-8FDC-42A3-9474-1A3956D46DE8}") = "Themes", "Themes", "{CC4975CD-6346-441E-BA7C-3A98E75085F0}"
	ProjectSection(SolutionItems) = preProject
		Themes\iOSA.dll = Themes\iOSA.dll
		Themes\iOSAlpha.dll = Themes\iOSAlpha.dll
		Themes\iOSN.dll = Themes\iOSN.dll
	EndProjectSection
EndProject
Project("{2150E333-8FDC-42A3-9474-1A3956D46DE8}") = "SoapMockServices", "SoapMockServices", "{1E4C83A3-A13D-4F91-A53A-CAB934691E06}"
	ProjectSection(SolutionItems) = preProject
		XmlFiles\NewCalculatorService-soapui-project.xml = XmlFiles\NewCalculatorService-soapui-project.xml
		XmlFiles\OdissyNew-soapui-project.xml = XmlFiles\OdissyNew-soapui-project.xml
		XmlFiles\SmsMockService-soapui-project.xml = XmlFiles\SmsMockService-soapui-project.xml
	EndProjectSection
EndProject
Project("{FAE04EC0-301F-11D3-BF4B-00C04F79EFBC}") = "NplIntegratedTool.Calculator", "NplIntergratedTool.Calculator\NplIntegratedTool.Calculator.csproj", "{FBCDEF72-7186-4CA6-9486-FAC6B8CE2D96}"
EndProject
Project("{FAE04EC0-301F-11D3-BF4B-00C04F79EFBC}") = "NplIntegratedTool.Services", "NplIntergratedTool.Services\NplIntegratedTool.Services.csproj", "{CC0E55D5-A6C7-45DC-A3EC-EAF4AEBD7B28}"
EndProject
Project("{FAE04EC0-301F-11D3-BF4B-00C04F79EFBC}") = "NplIntegratedTool.Models", "NplIntergratedTool.Models\NplIntegratedTool.Models.csproj", "{772FDB11-11C0-496C-9AE3-2C98490E7EBB}"
EndProject
Project("{FAE04EC0-301F-11D3-BF4B-00C04F79EFBC}") = "NplIntergratedTool.Utils", "NplIntergratedTool.Utils\NplIntergratedTool.Utils.csproj", "{434B9E5E-8907-4319-8F2F-008CC1E1407D}"
EndProject
Project("{FAE04EC0-301F-11D3-BF4B-00C04F79EFBC}") = "NplIntegratedTool.Resources", "NplIntergratedTool.Resources\NplIntegratedTool.Resources.csproj", "{F1B70C19-99F9-412B-A608-511DE9FE7E29}"
EndProject
Project("{FAE04EC0-301F-11D3-BF4B-00C04F79EFBC}") = "NplIntegratedTool.Repositories", "NplIntergratedTool.Repositories\NplIntegratedTool.Repositories.csproj", "{C875135E-EEA0-423F-90E9-CD590B16E572}"
EndProject
Project("{FAE04EC0-301F-11D3-BF4B-00C04F79EFBC}") = "NplIntegratedTool.Repositories.EF6", "NplIntergratedTool.Repositories.EF6\NplIntegratedTool.Repositories.EF6.csproj", "{D81FC1C7-2D3C-41A6-AFA4-05FFA850360E}"
EndProject
Project("{FAE04EC0-301F-11D3-BF4B-00C04F79EFBC}") = "NplIntegratedTool.InternalSite", "NplIntergatedTool.InputUI\NplIntegratedTool.InternalSite.csproj", "{72C061F8-886C-48E6-A5FC-E9D4077ECCC6}"
EndProject
Project("{FAE04EC0-301F-11D3-BF4B-00C04F79EFBC}") = "NplIntegratedTool.OdissyClient", "NplIntegratedTool.OdissyClient\NplIntegratedTool.OdissyClient.csproj", "{2878DE36-5734-423A-A675-42B00FDD4DA5}"
EndProject
Project("{FAE04EC0-301F-11D3-BF4B-00C04F79EFBC}") = "NplIntergratedTool.Logger", "NplIntergratedTool.Logger\NplIntergratedTool.Logger.csproj", "{E5E2680D-E96E-41B4-9508-05DDC557EB89}"
EndProject
Project("{FAE04EC0-301F-11D3-BF4B-00C04F79EFBC}") = "NplIntegratedTool.Common", "NplIntegratedTool.Common\NplIntegratedTool.Common.csproj", "{814006A2-C815-45F2-A165-42CD5764C0E7}"
EndProject
Project("{FAE04EC0-301F-11D3-BF4B-00C04F79EFBC}") = "NplIntegratedTool.CalculatorClient", "NplIntegratedTool.CalculatorClient\NplIntegratedTool.CalculatorClient.csproj", "{6FC8AFCB-CFD5-4537-BCF4-719FCDC42E4A}"
	ProjectSection(ProjectDependencies) = postProject
		{3EE0D0F5-11CC-47C3-9442-CDA11D58FB0E} = {3EE0D0F5-11CC-47C3-9442-CDA11D58FB0E}
	EndProjectSection
EndProject
Project("{FAE04EC0-301F-11D3-BF4B-00C04F79EFBC}") = "NplIntegratedTool.CalculatorService", "NplIntegratedTool.CalculatorService\NplIntegratedTool.CalculatorService.csproj", "{3EE0D0F5-11CC-47C3-9442-CDA11D58FB0E}"
EndProject
Project("{FAE04EC0-301F-11D3-BF4B-00C04F79EFBC}") = "NplIntegratedTool.ExternalUI", "NplIntegratedTool.ExternalUI\NplIntegratedTool.ExternalUI.csproj", "{98C1CCED-5CED-48C8-B62A-B880D28AE1DA}"
EndProject
Project("{FAE04EC0-301F-11D3-BF4B-00C04F79EFBC}") = "NplIntegratedTool.AcitveDirecoryClient", "NplIntegratedTool.AcitveDirecoryClient\NplIntegratedTool.AcitveDirecoryClient.csproj", "{35551AE0-561D-4022-A335-4670DB20C207}"
EndProject
Project("{FAE04EC0-301F-11D3-BF4B-00C04F79EFBC}") = "NplIntegratedTool.SmsServiceClient", "NplIntegratedTool.SmsServiceClient\NplIntegratedTool.SmsServiceClient.csproj", "{DE1A6FEA-BFDE-40AB-B8F9-ACF1917771D0}"
EndProject
Project("{FAE04EC0-301F-11D3-BF4B-00C04F79EFBC}") = "NplIntegratedTool.AdminApp", "NplIntegratedTool.AdminApp\NplIntegratedTool.AdminApp.csproj", "{531792EC-2AF7-40DA-9B69-BA4516609238}"
EndProject
Project("{FAE04EC0-301F-11D3-BF4B-00C04F79EFBC}") = "NplIntegratedTool.Reports", "NplIntegratedTool.Reports\NplIntegratedTool.Reports.csproj", "{49F9BCA3-2E43-4ADD-8DA7-D4071D3351F6}"
EndProject
Project("{2150E333-8FDC-42A3-9474-1A3956D46DE8}") = "Database", "Database", "{8A795F06-2C95-4CBA-BDA9-A4E6D62F912E}"
EndProject
Project("{00D1A9C2-B5F0-4AF3-8072-F6C62B433612}") = "NplIntegratedToolDB", "NplIntegratedToolDB\NplIntegratedToolDB.sqlproj", "{42DF4E56-5C9B-4204-B409-30DF623D3929}"
EndProject
Project("{2150E333-8FDC-42A3-9474-1A3956D46DE8}") = "ServiceMethods", "ServiceMethods", "{F10EC77C-2412-46B1-92A8-5BA0C5214F6E}"
EndProject
Project("{00D1A9C2-B5F0-4AF3-8072-F6C62B433612}") = "NplIntegratedToolDB.Dataset.Default", "NplIntegratedToolDB.Dataset.Default\NplIntegratedToolDB.Dataset.Default.sqlproj", "{01D62D50-0DB7-499F-9102-7759334A025F}"
EndProject
Project("{00D1A9C2-B5F0-4AF3-8072-F6C62B433612}") = "NplIntegratedToolDB.Dataset.Test", "NplIntegratedToolDB.Dataset.Test\NplIntegratedToolDB.Dataset.Test.sqlproj", "{E4B158F3-CC77-48FE-B5B6-3B59C5836FCB}"
EndProject
Project("{2150E333-8FDC-42A3-9474-1A3956D46DE8}") = "Tests", "Tests", "{4292E5E5-C62C-415D-A308-316F706A2710}"
EndProject
Project("{FAE04EC0-301F-11D3-BF4B-00C04F79EFBC}") = "NPLIntegratedTool.CalculatorService.UnitTest", "NplIntegratedTool.CalculatorService.UnitTest\NPLIntegratedTool.CalculatorService.UnitTest.csproj", "{D78C4E5A-1F77-4BD9-BD4D-264EA70FDFB4}"
	ProjectSection(ProjectDependencies) = postProject
		{3EE0D0F5-11CC-47C3-9442-CDA11D58FB0E} = {3EE0D0F5-11CC-47C3-9442-CDA11D58FB0E}
	EndProjectSection
EndProject
Project("{2150E333-8FDC-42A3-9474-1A3956D46DE8}") = "20181019", "20181019", "{2EE4D98D-6166-4C1E-8AB7-E1EE8143C5DD}"
	ProjectSection(SolutionItems) = preProject
		wsdl\20181019\CalculateMaxNPVResult.wsdl = wsdl\20181019\CalculateMaxNPVResult.wsdl
		wsdl\20181019\GetInstallmentPlanMethod.wsdl = wsdl\20181019\GetInstallmentPlanMethod.wsdl
		wsdl\20181019\GetOutModificationResult.wsdl = wsdl\20181019\GetOutModificationResult.wsdl
	EndProjectSection
EndProject
Project("{2150E333-8FDC-42A3-9474-1A3956D46DE8}") = "20181206", "20181206", "{613C6D61-EC4E-4940-9512-25012448E173}"
	ProjectSection(SolutionItems) = preProject
		wsdl\20181206\CalculateMaxNPVResult_ok.wsdl = wsdl\20181206\CalculateMaxNPVResult_ok.wsdl
		wsdl\20181206\GetInstallmentPlanMethod.wsdl = wsdl\20181206\GetInstallmentPlanMethod.wsdl
		wsdl\20181206\GetOutModificationResult_ok.wsdl = wsdl\20181206\GetOutModificationResult_ok.wsdl
		wsdl\20181206\GetOutModificationWithVisibilityResult_οκ.wsdl = wsdl\20181206\GetOutModificationWithVisibilityResult_οκ.wsdl
		wsdl\20181206\SubmitFinalSolution_ok.wsdl = wsdl\20181206\SubmitFinalSolution_ok.wsdl
	EndProjectSection
EndProject
Project("{FAE04EC0-301F-11D3-BF4B-00C04F79EFBC}") = "NplIntegratedTool.MockCalculationWizard", "NplIntegratedTool.MockCalculatorClient\NplIntegratedTool.MockCalculationWizard.csproj", "{EAC92663-BBBE-478E-AFE3-0E64D60E748A}"
	ProjectSection(ProjectDependencies) = postProject
		{3EE0D0F5-11CC-47C3-9442-CDA11D58FB0E} = {3EE0D0F5-11CC-47C3-9442-CDA11D58FB0E}
	EndProjectSection
EndProject
Project("{00D1A9C2-B5F0-4AF3-8072-F6C62B433612}") = "NplIntegratedTool_ReportingDB", "NplIntegratedTool_ReportingDB\NplIntegratedTool_ReportingDB.sqlproj", "{224975B1-4F38-45BF-B7A1-C91DF285280A}"
EndProject
Project("{FAE04EC0-301F-11D3-BF4B-00C04F79EFBC}") = "CalculatorServiceClient", "CalculatorServiceClient\CalculatorServiceClient.csproj", "{82AF77B1-B191-407B-A89C-E75E9DFC7F9C}"
	ProjectSection(ProjectDependencies) = postProject
		{3EE0D0F5-11CC-47C3-9442-CDA11D58FB0E} = {3EE0D0F5-11CC-47C3-9442-CDA11D58FB0E}
	EndProjectSection
EndProject
Project("{2150E333-8FDC-42A3-9474-1A3956D46DE8}") = "20190905", "20190905", "{6C1200CB-3A71-4A9C-BDD7-F3B453AE74F1}"
	ProjectSection(SolutionItems) = preProject
		wsdl\20190905\GetOutModificationResult.wsdl = wsdl\20190905\GetOutModificationResult.wsdl
	EndProjectSection
EndProject
Project("{2150E333-8FDC-42A3-9474-1A3956D46DE8}") = "Modules", "Modules", "{56D7239C-FEF8-40F2-88C1-CD08ED9929F2}"
EndProject
Project("{FAE04EC0-301F-11D3-BF4B-00C04F79EFBC}") = "EY.NPL.SPOT.Core.Utils", "EY.NPL.SPOT.Core.Utils\EY.NPL.SPOT.Core.Utils.csproj", "{BD749EA9-471A-4261-A0FC-C498BA3C7036}"
EndProject
Project("{FAE04EC0-301F-11D3-BF4B-00C04F79EFBC}") = "EY.NPL.SPOT.Core.Common", "EY.NPL.SPOT.Core.Common\EY.NPL.SPOT.Core.Common.csproj", "{DEEB6DBB-685C-42BC-8144-599BF33C30EA}"
EndProject
Project("{2150E333-8FDC-42A3-9474-1A3956D46DE8}") = "Core Components", "Core Components", "{0FEE8260-76D7-4BD7-B918-DAA3AD975E9B}"
EndProject
Project("{FAE04EC0-301F-11D3-BF4B-00C04F79EFBC}") = "EY.NPLSPOT.CoreRepositories", "EY.NPLSPOT.CoreRepositories\EY.NPLSPOT.CoreRepositories.csproj", "{A66651A8-2A51-43BB-B78F-876FCFBD3C12}"
EndProject
Project("{FAE04EC0-301F-11D3-BF4B-00C04F79EFBC}") = "EY.NPLSPOT.Modules.Interests", "EY.NPLSPOT.Modules.Interests\EY.NPLSPOT.Modules.Interests.csproj", "{7BE698F3-F51D-41A4-ACEF-55FD2D0A3C2F}"
EndProject
Project("{FAE04EC0-301F-11D3-BF4B-00C04F79EFBC}") = "EY.NPL.SPOT.UI.Common", "EY.NPL.SPOT.UI.Common\EY.NPL.SPOT.UI.Common.csproj", "{D99D672F-B160-430A-8652-3F53D0DA8154}"
EndProject
Project("{FAE04EC0-301F-11D3-BF4B-00C04F79EFBC}") = "EY.NPL.SPOT.Core.Logger", "EY.NPL.SPOT.Core.Logger\EY.NPL.SPOT.Core.Logger.csproj", "{77DF8162-AA2A-4B1E-A201-18663FA66206}"
EndProject
Project("{2150E333-8FDC-42A3-9474-1A3956D46DE8}") = "SigloValidation", "SigloValidation", "{28D4CFB8-A93E-4F33-AB6F-473937AB4EF7}"
	ProjectSection(SolutionItems) = preProject
		wsdl\SigloValidation\Siglo_WFL_ProductDetailsReply.xsd = wsdl\SigloValidation\Siglo_WFL_ProductDetailsReply.xsd
		wsdl\SigloValidation\Siglo_WFL_ProductDetailsRequest.xsd = wsdl\SigloValidation\Siglo_WFL_ProductDetailsRequest.xsd
		wsdl\SigloValidation\Siglo_WFL_ProductListReply.xsd = wsdl\SigloValidation\Siglo_WFL_ProductListReply.xsd
		wsdl\SigloValidation\Siglo_WFL_ProductListRequest.xsd = wsdl\SigloValidation\Siglo_WFL_ProductListRequest.xsd
		wsdl\SigloValidation\ws_KLS76.wsdl = wsdl\SigloValidation\ws_KLS76.wsdl
	EndProjectSection
EndProject
Project("{FAE04EC0-301F-11D3-BF4B-00C04F79EFBC}") = "NplIntegratedTool.SigloValidationClient", "NplIntegratedTool.SigloValidationClient\NplIntegratedTool.SigloValidationClient.csproj", "{D4E5B394-4405-4A34-8A68-DF05A860FA57}"
EndProject
Project("{FAE04EC0-301F-11D3-BF4B-00C04F79EFBC}") = "NplIntegratedTool.Validations", "NplIntegratedTool.Validation\NplIntegratedTool.Validations.csproj", "{15237DFA-52EE-414A-A02E-35BFA953ABDA}"
EndProject
Project("{FAE04EC0-301F-11D3-BF4B-00C04F79EFBC}") = "NplIntegratedTool.Modules.SigloValidation", "NplIntegratedTool.Modules.SigloValidation\NplIntegratedTool.Modules.SigloValidation.csproj", "{2EAB3DD3-8FA8-42B8-852E-49BAFF84C5D1}"
EndProject
Global
	GlobalSection(SolutionConfigurationPlatforms) = preSolution
		Debug|Any CPU = Debug|Any CPU
		Debug|Mixed Platforms = Debug|Mixed Platforms
		Debug|x86 = Debug|x86
		EYLocal|Any CPU = EYLocal|Any CPU
		EYLocal|Mixed Platforms = EYLocal|Mixed Platforms
		EYLocal|x86 = EYLocal|x86
		EYTest|Any CPU = EYTest|Any CPU
		EYTest|Mixed Platforms = EYTest|Mixed Platforms
		EYTest|x86 = EYTest|x86
		Release|Any CPU = Release|Any CPU
		Release|Mixed Platforms = Release|Mixed Platforms
		Release|x86 = Release|x86
	EndGlobalSection
	GlobalSection(ProjectConfigurationPlatforms) = postSolution
		{FBCDEF72-7186-4CA6-9486-FAC6B8CE2D96}.Debug|Any CPU.ActiveCfg = Debug|Any CPU
		{FBCDEF72-7186-4CA6-9486-FAC6B8CE2D96}.Debug|Any CPU.Build.0 = Debug|Any CPU
		{FBCDEF72-7186-4CA6-9486-FAC6B8CE2D96}.Debug|Mixed Platforms.ActiveCfg = Debug|Any CPU
		{FBCDEF72-7186-4CA6-9486-FAC6B8CE2D96}.Debug|Mixed Platforms.Build.0 = Debug|Any CPU
		{FBCDEF72-7186-4CA6-9486-FAC6B8CE2D96}.Debug|x86.ActiveCfg = Debug|Any CPU
		{FBCDEF72-7186-4CA6-9486-FAC6B8CE2D96}.Debug|x86.Build.0 = Debug|Any CPU
		{FBCDEF72-7186-4CA6-9486-FAC6B8CE2D96}.EYLocal|Any CPU.ActiveCfg = Release|Any CPU
		{FBCDEF72-7186-4CA6-9486-FAC6B8CE2D96}.EYLocal|Any CPU.Build.0 = Release|Any CPU
		{FBCDEF72-7186-4CA6-9486-FAC6B8CE2D96}.EYLocal|Mixed Platforms.ActiveCfg = Debug|Any CPU
		{FBCDEF72-7186-4CA6-9486-FAC6B8CE2D96}.EYLocal|Mixed Platforms.Build.0 = Debug|Any CPU
		{FBCDEF72-7186-4CA6-9486-FAC6B8CE2D96}.EYLocal|x86.ActiveCfg = Release|Any CPU
		{FBCDEF72-7186-4CA6-9486-FAC6B8CE2D96}.EYTest|Any CPU.ActiveCfg = EYLocal|Any CPU
		{FBCDEF72-7186-4CA6-9486-FAC6B8CE2D96}.EYTest|Any CPU.Build.0 = EYLocal|Any CPU
		{FBCDEF72-7186-4CA6-9486-FAC6B8CE2D96}.EYTest|Mixed Platforms.ActiveCfg = Debug|Any CPU
		{FBCDEF72-7186-4CA6-9486-FAC6B8CE2D96}.EYTest|Mixed Platforms.Build.0 = Debug|Any CPU
		{FBCDEF72-7186-4CA6-9486-FAC6B8CE2D96}.EYTest|x86.ActiveCfg = EYLocal|Any CPU
		{FBCDEF72-7186-4CA6-9486-FAC6B8CE2D96}.EYTest|x86.Build.0 = EYLocal|Any CPU
		{FBCDEF72-7186-4CA6-9486-FAC6B8CE2D96}.Release|Any CPU.ActiveCfg = Release|Any CPU
		{FBCDEF72-7186-4CA6-9486-FAC6B8CE2D96}.Release|Any CPU.Build.0 = Release|Any CPU
		{FBCDEF72-7186-4CA6-9486-FAC6B8CE2D96}.Release|Mixed Platforms.ActiveCfg = Debug|Any CPU
		{FBCDEF72-7186-4CA6-9486-FAC6B8CE2D96}.Release|Mixed Platforms.Build.0 = Debug|Any CPU
		{FBCDEF72-7186-4CA6-9486-FAC6B8CE2D96}.Release|x86.ActiveCfg = Release|Any CPU
		{FBCDEF72-7186-4CA6-9486-FAC6B8CE2D96}.Release|x86.Build.0 = Release|Any CPU
		{CC0E55D5-A6C7-45DC-A3EC-EAF4AEBD7B28}.Debug|Any CPU.ActiveCfg = Debug|Any CPU
		{CC0E55D5-A6C7-45DC-A3EC-EAF4AEBD7B28}.Debug|Any CPU.Build.0 = Debug|Any CPU
		{CC0E55D5-A6C7-45DC-A3EC-EAF4AEBD7B28}.Debug|Mixed Platforms.ActiveCfg = Debug|Any CPU
		{CC0E55D5-A6C7-45DC-A3EC-EAF4AEBD7B28}.Debug|Mixed Platforms.Build.0 = Debug|Any CPU
		{CC0E55D5-A6C7-45DC-A3EC-EAF4AEBD7B28}.Debug|x86.ActiveCfg = Debug|Any CPU
		{CC0E55D5-A6C7-45DC-A3EC-EAF4AEBD7B28}.Debug|x86.Build.0 = Debug|Any CPU
		{CC0E55D5-A6C7-45DC-A3EC-EAF4AEBD7B28}.EYLocal|Any CPU.ActiveCfg = Release|Any CPU
		{CC0E55D5-A6C7-45DC-A3EC-EAF4AEBD7B28}.EYLocal|Any CPU.Build.0 = Release|Any CPU
		{CC0E55D5-A6C7-45DC-A3EC-EAF4AEBD7B28}.EYLocal|Mixed Platforms.ActiveCfg = Debug|Any CPU
		{CC0E55D5-A6C7-45DC-A3EC-EAF4AEBD7B28}.EYLocal|Mixed Platforms.Build.0 = Debug|Any CPU
		{CC0E55D5-A6C7-45DC-A3EC-EAF4AEBD7B28}.EYLocal|x86.ActiveCfg = Release|Any CPU
		{CC0E55D5-A6C7-45DC-A3EC-EAF4AEBD7B28}.EYTest|Any CPU.ActiveCfg = EYLocal|Any CPU
		{CC0E55D5-A6C7-45DC-A3EC-EAF4AEBD7B28}.EYTest|Any CPU.Build.0 = EYLocal|Any CPU
		{CC0E55D5-A6C7-45DC-A3EC-EAF4AEBD7B28}.EYTest|Mixed Platforms.ActiveCfg = Debug|Any CPU
		{CC0E55D5-A6C7-45DC-A3EC-EAF4AEBD7B28}.EYTest|Mixed Platforms.Build.0 = Debug|Any CPU
		{CC0E55D5-A6C7-45DC-A3EC-EAF4AEBD7B28}.EYTest|x86.ActiveCfg = EYLocal|Any CPU
		{CC0E55D5-A6C7-45DC-A3EC-EAF4AEBD7B28}.EYTest|x86.Build.0 = EYLocal|Any CPU
		{CC0E55D5-A6C7-45DC-A3EC-EAF4AEBD7B28}.Release|Any CPU.ActiveCfg = Release|Any CPU
		{CC0E55D5-A6C7-45DC-A3EC-EAF4AEBD7B28}.Release|Any CPU.Build.0 = Release|Any CPU
		{CC0E55D5-A6C7-45DC-A3EC-EAF4AEBD7B28}.Release|Mixed Platforms.ActiveCfg = Debug|Any CPU
		{CC0E55D5-A6C7-45DC-A3EC-EAF4AEBD7B28}.Release|Mixed Platforms.Build.0 = Debug|Any CPU
		{CC0E55D5-A6C7-45DC-A3EC-EAF4AEBD7B28}.Release|x86.ActiveCfg = Release|Any CPU
		{CC0E55D5-A6C7-45DC-A3EC-EAF4AEBD7B28}.Release|x86.Build.0 = Release|Any CPU
		{772FDB11-11C0-496C-9AE3-2C98490E7EBB}.Debug|Any CPU.ActiveCfg = Debug|Any CPU
		{772FDB11-11C0-496C-9AE3-2C98490E7EBB}.Debug|Any CPU.Build.0 = Debug|Any CPU
		{772FDB11-11C0-496C-9AE3-2C98490E7EBB}.Debug|Mixed Platforms.ActiveCfg = Debug|Any CPU
		{772FDB11-11C0-496C-9AE3-2C98490E7EBB}.Debug|Mixed Platforms.Build.0 = Debug|Any CPU
		{772FDB11-11C0-496C-9AE3-2C98490E7EBB}.Debug|x86.ActiveCfg = Debug|Any CPU
		{772FDB11-11C0-496C-9AE3-2C98490E7EBB}.Debug|x86.Build.0 = Debug|Any CPU
		{772FDB11-11C0-496C-9AE3-2C98490E7EBB}.EYLocal|Any CPU.ActiveCfg = Release|Any CPU
		{772FDB11-11C0-496C-9AE3-2C98490E7EBB}.EYLocal|Any CPU.Build.0 = Release|Any CPU
		{772FDB11-11C0-496C-9AE3-2C98490E7EBB}.EYLocal|Mixed Platforms.ActiveCfg = Debug|Any CPU
		{772FDB11-11C0-496C-9AE3-2C98490E7EBB}.EYLocal|Mixed Platforms.Build.0 = Debug|Any CPU
		{772FDB11-11C0-496C-9AE3-2C98490E7EBB}.EYLocal|x86.ActiveCfg = Release|Any CPU
		{772FDB11-11C0-496C-9AE3-2C98490E7EBB}.EYTest|Any CPU.ActiveCfg = EYLocal|Any CPU
		{772FDB11-11C0-496C-9AE3-2C98490E7EBB}.EYTest|Any CPU.Build.0 = EYLocal|Any CPU
		{772FDB11-11C0-496C-9AE3-2C98490E7EBB}.EYTest|Mixed Platforms.ActiveCfg = Debug|Any CPU
		{772FDB11-11C0-496C-9AE3-2C98490E7EBB}.EYTest|Mixed Platforms.Build.0 = Debug|Any CPU
		{772FDB11-11C0-496C-9AE3-2C98490E7EBB}.EYTest|x86.ActiveCfg = EYLocal|Any CPU
		{772FDB11-11C0-496C-9AE3-2C98490E7EBB}.EYTest|x86.Build.0 = EYLocal|Any CPU
		{772FDB11-11C0-496C-9AE3-2C98490E7EBB}.Release|Any CPU.ActiveCfg = Release|Any CPU
		{772FDB11-11C0-496C-9AE3-2C98490E7EBB}.Release|Any CPU.Build.0 = Release|Any CPU
		{772FDB11-11C0-496C-9AE3-2C98490E7EBB}.Release|Mixed Platforms.ActiveCfg = Debug|Any CPU
		{772FDB11-11C0-496C-9AE3-2C98490E7EBB}.Release|Mixed Platforms.Build.0 = Debug|Any CPU
		{772FDB11-11C0-496C-9AE3-2C98490E7EBB}.Release|x86.ActiveCfg = Release|Any CPU
		{772FDB11-11C0-496C-9AE3-2C98490E7EBB}.Release|x86.Build.0 = Release|Any CPU
		{434B9E5E-8907-4319-8F2F-008CC1E1407D}.Debug|Any CPU.ActiveCfg = Debug|Any CPU
		{434B9E5E-8907-4319-8F2F-008CC1E1407D}.Debug|Any CPU.Build.0 = Debug|Any CPU
		{434B9E5E-8907-4319-8F2F-008CC1E1407D}.Debug|Mixed Platforms.ActiveCfg = Debug|Any CPU
		{434B9E5E-8907-4319-8F2F-008CC1E1407D}.Debug|Mixed Platforms.Build.0 = Debug|Any CPU
		{434B9E5E-8907-4319-8F2F-008CC1E1407D}.Debug|x86.ActiveCfg = Debug|Any CPU
		{434B9E5E-8907-4319-8F2F-008CC1E1407D}.Debug|x86.Build.0 = Debug|Any CPU
		{434B9E5E-8907-4319-8F2F-008CC1E1407D}.EYLocal|Any CPU.ActiveCfg = Release|Any CPU
		{434B9E5E-8907-4319-8F2F-008CC1E1407D}.EYLocal|Any CPU.Build.0 = Release|Any CPU
		{434B9E5E-8907-4319-8F2F-008CC1E1407D}.EYLocal|Mixed Platforms.ActiveCfg = Debug|Any CPU
		{434B9E5E-8907-4319-8F2F-008CC1E1407D}.EYLocal|Mixed Platforms.Build.0 = Debug|Any CPU
		{434B9E5E-8907-4319-8F2F-008CC1E1407D}.EYLocal|x86.ActiveCfg = Release|Any CPU
		{434B9E5E-8907-4319-8F2F-008CC1E1407D}.EYTest|Any CPU.ActiveCfg = EYLocal|Any CPU
		{434B9E5E-8907-4319-8F2F-008CC1E1407D}.EYTest|Any CPU.Build.0 = EYLocal|Any CPU
		{434B9E5E-8907-4319-8F2F-008CC1E1407D}.EYTest|Mixed Platforms.ActiveCfg = Debug|Any CPU
		{434B9E5E-8907-4319-8F2F-008CC1E1407D}.EYTest|Mixed Platforms.Build.0 = Debug|Any CPU
		{434B9E5E-8907-4319-8F2F-008CC1E1407D}.EYTest|x86.ActiveCfg = EYLocal|Any CPU
		{434B9E5E-8907-4319-8F2F-008CC1E1407D}.EYTest|x86.Build.0 = EYLocal|Any CPU
		{434B9E5E-8907-4319-8F2F-008CC1E1407D}.Release|Any CPU.ActiveCfg = Release|Any CPU
		{434B9E5E-8907-4319-8F2F-008CC1E1407D}.Release|Any CPU.Build.0 = Release|Any CPU
		{434B9E5E-8907-4319-8F2F-008CC1E1407D}.Release|Mixed Platforms.ActiveCfg = Debug|Any CPU
		{434B9E5E-8907-4319-8F2F-008CC1E1407D}.Release|Mixed Platforms.Build.0 = Debug|Any CPU
		{434B9E5E-8907-4319-8F2F-008CC1E1407D}.Release|x86.ActiveCfg = Release|Any CPU
		{434B9E5E-8907-4319-8F2F-008CC1E1407D}.Release|x86.Build.0 = Release|Any CPU
		{F1B70C19-99F9-412B-A608-511DE9FE7E29}.Debug|Any CPU.ActiveCfg = Debug|Any CPU
		{F1B70C19-99F9-412B-A608-511DE9FE7E29}.Debug|Any CPU.Build.0 = Debug|Any CPU
		{F1B70C19-99F9-412B-A608-511DE9FE7E29}.Debug|Mixed Platforms.ActiveCfg = Debug|Any CPU
		{F1B70C19-99F9-412B-A608-511DE9FE7E29}.Debug|Mixed Platforms.Build.0 = Debug|Any CPU
		{F1B70C19-99F9-412B-A608-511DE9FE7E29}.Debug|x86.ActiveCfg = Debug|Any CPU
		{F1B70C19-99F9-412B-A608-511DE9FE7E29}.Debug|x86.Build.0 = Debug|Any CPU
		{F1B70C19-99F9-412B-A608-511DE9FE7E29}.EYLocal|Any CPU.ActiveCfg = Release|Any CPU
		{F1B70C19-99F9-412B-A608-511DE9FE7E29}.EYLocal|Any CPU.Build.0 = Release|Any CPU
		{F1B70C19-99F9-412B-A608-511DE9FE7E29}.EYLocal|Mixed Platforms.ActiveCfg = Debug|Any CPU
		{F1B70C19-99F9-412B-A608-511DE9FE7E29}.EYLocal|Mixed Platforms.Build.0 = Debug|Any CPU
		{F1B70C19-99F9-412B-A608-511DE9FE7E29}.EYLocal|x86.ActiveCfg = Release|Any CPU
		{F1B70C19-99F9-412B-A608-511DE9FE7E29}.EYTest|Any CPU.ActiveCfg = EYLocal|Any CPU
		{F1B70C19-99F9-412B-A608-511DE9FE7E29}.EYTest|Any CPU.Build.0 = EYLocal|Any CPU
		{F1B70C19-99F9-412B-A608-511DE9FE7E29}.EYTest|Mixed Platforms.ActiveCfg = Debug|Any CPU
		{F1B70C19-99F9-412B-A608-511DE9FE7E29}.EYTest|Mixed Platforms.Build.0 = Debug|Any CPU
		{F1B70C19-99F9-412B-A608-511DE9FE7E29}.EYTest|x86.ActiveCfg = EYLocal|Any CPU
		{F1B70C19-99F9-412B-A608-511DE9FE7E29}.EYTest|x86.Build.0 = EYLocal|Any CPU
		{F1B70C19-99F9-412B-A608-511DE9FE7E29}.Release|Any CPU.ActiveCfg = Release|Any CPU
		{F1B70C19-99F9-412B-A608-511DE9FE7E29}.Release|Any CPU.Build.0 = Release|Any CPU
		{F1B70C19-99F9-412B-A608-511DE9FE7E29}.Release|Mixed Platforms.ActiveCfg = Debug|Any CPU
		{F1B70C19-99F9-412B-A608-511DE9FE7E29}.Release|Mixed Platforms.Build.0 = Debug|Any CPU
		{F1B70C19-99F9-412B-A608-511DE9FE7E29}.Release|x86.ActiveCfg = Release|Any CPU
		{F1B70C19-99F9-412B-A608-511DE9FE7E29}.Release|x86.Build.0 = Release|Any CPU
		{C875135E-EEA0-423F-90E9-CD590B16E572}.Debug|Any CPU.ActiveCfg = Debug|Any CPU
		{C875135E-EEA0-423F-90E9-CD590B16E572}.Debug|Any CPU.Build.0 = Debug|Any CPU
		{C875135E-EEA0-423F-90E9-CD590B16E572}.Debug|Mixed Platforms.ActiveCfg = Debug|Any CPU
		{C875135E-EEA0-423F-90E9-CD590B16E572}.Debug|Mixed Platforms.Build.0 = Debug|Any CPU
		{C875135E-EEA0-423F-90E9-CD590B16E572}.Debug|x86.ActiveCfg = Debug|Any CPU
		{C875135E-EEA0-423F-90E9-CD590B16E572}.Debug|x86.Build.0 = Debug|Any CPU
		{C875135E-EEA0-423F-90E9-CD590B16E572}.EYLocal|Any CPU.ActiveCfg = Release|Any CPU
		{C875135E-EEA0-423F-90E9-CD590B16E572}.EYLocal|Any CPU.Build.0 = Release|Any CPU
		{C875135E-EEA0-423F-90E9-CD590B16E572}.EYLocal|Mixed Platforms.ActiveCfg = Debug|Any CPU
		{C875135E-EEA0-423F-90E9-CD590B16E572}.EYLocal|Mixed Platforms.Build.0 = Debug|Any CPU
		{C875135E-EEA0-423F-90E9-CD590B16E572}.EYLocal|x86.ActiveCfg = Release|Any CPU
		{C875135E-EEA0-423F-90E9-CD590B16E572}.EYTest|Any CPU.ActiveCfg = EYLocal|Any CPU
		{C875135E-EEA0-423F-90E9-CD590B16E572}.EYTest|Any CPU.Build.0 = EYLocal|Any CPU
		{C875135E-EEA0-423F-90E9-CD590B16E572}.EYTest|Mixed Platforms.ActiveCfg = Debug|Any CPU
		{C875135E-EEA0-423F-90E9-CD590B16E572}.EYTest|Mixed Platforms.Build.0 = Debug|Any CPU
		{C875135E-EEA0-423F-90E9-CD590B16E572}.EYTest|x86.ActiveCfg = EYLocal|Any CPU
		{C875135E-EEA0-423F-90E9-CD590B16E572}.EYTest|x86.Build.0 = EYLocal|Any CPU
		{C875135E-EEA0-423F-90E9-CD590B16E572}.Release|Any CPU.ActiveCfg = Release|Any CPU
		{C875135E-EEA0-423F-90E9-CD590B16E572}.Release|Any CPU.Build.0 = Release|Any CPU
		{C875135E-EEA0-423F-90E9-CD590B16E572}.Release|Mixed Platforms.ActiveCfg = Debug|Any CPU
		{C875135E-EEA0-423F-90E9-CD590B16E572}.Release|Mixed Platforms.Build.0 = Debug|Any CPU
		{C875135E-EEA0-423F-90E9-CD590B16E572}.Release|x86.ActiveCfg = Release|Any CPU
		{C875135E-EEA0-423F-90E9-CD590B16E572}.Release|x86.Build.0 = Release|Any CPU
		{D81FC1C7-2D3C-41A6-AFA4-05FFA850360E}.Debug|Any CPU.ActiveCfg = Debug|Any CPU
		{D81FC1C7-2D3C-41A6-AFA4-05FFA850360E}.Debug|Any CPU.Build.0 = Debug|Any CPU
		{D81FC1C7-2D3C-41A6-AFA4-05FFA850360E}.Debug|Mixed Platforms.ActiveCfg = Debug|Any CPU
		{D81FC1C7-2D3C-41A6-AFA4-05FFA850360E}.Debug|Mixed Platforms.Build.0 = Debug|Any CPU
		{D81FC1C7-2D3C-41A6-AFA4-05FFA850360E}.Debug|x86.ActiveCfg = Debug|Any CPU
		{D81FC1C7-2D3C-41A6-AFA4-05FFA850360E}.Debug|x86.Build.0 = Debug|Any CPU
		{D81FC1C7-2D3C-41A6-AFA4-05FFA850360E}.EYLocal|Any CPU.ActiveCfg = Release|Any CPU
		{D81FC1C7-2D3C-41A6-AFA4-05FFA850360E}.EYLocal|Any CPU.Build.0 = Release|Any CPU
		{D81FC1C7-2D3C-41A6-AFA4-05FFA850360E}.EYLocal|Mixed Platforms.ActiveCfg = Debug|Any CPU
		{D81FC1C7-2D3C-41A6-AFA4-05FFA850360E}.EYLocal|Mixed Platforms.Build.0 = Debug|Any CPU
		{D81FC1C7-2D3C-41A6-AFA4-05FFA850360E}.EYLocal|x86.ActiveCfg = Release|Any CPU
		{D81FC1C7-2D3C-41A6-AFA4-05FFA850360E}.EYTest|Any CPU.ActiveCfg = EYLocal|Any CPU
		{D81FC1C7-2D3C-41A6-AFA4-05FFA850360E}.EYTest|Any CPU.Build.0 = EYLocal|Any CPU
		{D81FC1C7-2D3C-41A6-AFA4-05FFA850360E}.EYTest|Mixed Platforms.ActiveCfg = Debug|Any CPU
		{D81FC1C7-2D3C-41A6-AFA4-05FFA850360E}.EYTest|Mixed Platforms.Build.0 = Debug|Any CPU
		{D81FC1C7-2D3C-41A6-AFA4-05FFA850360E}.EYTest|x86.ActiveCfg = EYLocal|Any CPU
		{D81FC1C7-2D3C-41A6-AFA4-05FFA850360E}.EYTest|x86.Build.0 = EYLocal|Any CPU
		{D81FC1C7-2D3C-41A6-AFA4-05FFA850360E}.Release|Any CPU.ActiveCfg = Release|Any CPU
		{D81FC1C7-2D3C-41A6-AFA4-05FFA850360E}.Release|Any CPU.Build.0 = Release|Any CPU
		{D81FC1C7-2D3C-41A6-AFA4-05FFA850360E}.Release|Mixed Platforms.ActiveCfg = Debug|Any CPU
		{D81FC1C7-2D3C-41A6-AFA4-05FFA850360E}.Release|Mixed Platforms.Build.0 = Debug|Any CPU
		{D81FC1C7-2D3C-41A6-AFA4-05FFA850360E}.Release|x86.ActiveCfg = Release|Any CPU
		{D81FC1C7-2D3C-41A6-AFA4-05FFA850360E}.Release|x86.Build.0 = Release|Any CPU
		{72C061F8-886C-48E6-A5FC-E9D4077ECCC6}.Debug|Any CPU.ActiveCfg = Debug|Any CPU
		{72C061F8-886C-48E6-A5FC-E9D4077ECCC6}.Debug|Any CPU.Build.0 = Debug|Any CPU
		{72C061F8-886C-48E6-A5FC-E9D4077ECCC6}.Debug|Mixed Platforms.ActiveCfg = Debug|Any CPU
		{72C061F8-886C-48E6-A5FC-E9D4077ECCC6}.Debug|Mixed Platforms.Build.0 = Debug|Any CPU
		{72C061F8-886C-48E6-A5FC-E9D4077ECCC6}.Debug|x86.ActiveCfg = Debug|Any CPU
		{72C061F8-886C-48E6-A5FC-E9D4077ECCC6}.Debug|x86.Build.0 = Debug|Any CPU
		{72C061F8-886C-48E6-A5FC-E9D4077ECCC6}.EYLocal|Any CPU.ActiveCfg = EYLocal|Any CPU
		{72C061F8-886C-48E6-A5FC-E9D4077ECCC6}.EYLocal|Any CPU.Build.0 = EYLocal|Any CPU
		{72C061F8-886C-48E6-A5FC-E9D4077ECCC6}.EYLocal|Mixed Platforms.ActiveCfg = Debug|Any CPU
		{72C061F8-886C-48E6-A5FC-E9D4077ECCC6}.EYLocal|Mixed Platforms.Build.0 = Debug|Any CPU
		{72C061F8-886C-48E6-A5FC-E9D4077ECCC6}.EYLocal|x86.ActiveCfg = EYLocal|Any CPU
		{72C061F8-886C-48E6-A5FC-E9D4077ECCC6}.EYTest|Any CPU.ActiveCfg = EYLocal|Any CPU
		{72C061F8-886C-48E6-A5FC-E9D4077ECCC6}.EYTest|Any CPU.Build.0 = EYLocal|Any CPU
		{72C061F8-886C-48E6-A5FC-E9D4077ECCC6}.EYTest|Mixed Platforms.ActiveCfg = Debug|Any CPU
		{72C061F8-886C-48E6-A5FC-E9D4077ECCC6}.EYTest|Mixed Platforms.Build.0 = Debug|Any CPU
		{72C061F8-886C-48E6-A5FC-E9D4077ECCC6}.EYTest|x86.ActiveCfg = EYLocal|Any CPU
		{72C061F8-886C-48E6-A5FC-E9D4077ECCC6}.EYTest|x86.Build.0 = EYLocal|Any CPU
		{72C061F8-886C-48E6-A5FC-E9D4077ECCC6}.Release|Any CPU.ActiveCfg = Release|Any CPU
		{72C061F8-886C-48E6-A5FC-E9D4077ECCC6}.Release|Any CPU.Build.0 = Release|Any CPU
		{72C061F8-886C-48E6-A5FC-E9D4077ECCC6}.Release|Mixed Platforms.ActiveCfg = Debug|Any CPU
		{72C061F8-886C-48E6-A5FC-E9D4077ECCC6}.Release|Mixed Platforms.Build.0 = Debug|Any CPU
		{72C061F8-886C-48E6-A5FC-E9D4077ECCC6}.Release|x86.ActiveCfg = Release|Any CPU
		{72C061F8-886C-48E6-A5FC-E9D4077ECCC6}.Release|x86.Build.0 = Release|Any CPU
		{2878DE36-5734-423A-A675-42B00FDD4DA5}.Debug|Any CPU.ActiveCfg = Debug|Any CPU
		{2878DE36-5734-423A-A675-42B00FDD4DA5}.Debug|Any CPU.Build.0 = Debug|Any CPU
		{2878DE36-5734-423A-A675-42B00FDD4DA5}.Debug|Mixed Platforms.ActiveCfg = Debug|Any CPU
		{2878DE36-5734-423A-A675-42B00FDD4DA5}.Debug|Mixed Platforms.Build.0 = Debug|Any CPU
		{2878DE36-5734-423A-A675-42B00FDD4DA5}.Debug|x86.ActiveCfg = Debug|Any CPU
		{2878DE36-5734-423A-A675-42B00FDD4DA5}.Debug|x86.Build.0 = Debug|Any CPU
		{2878DE36-5734-423A-A675-42B00FDD4DA5}.EYLocal|Any CPU.ActiveCfg = Release|Any CPU
		{2878DE36-5734-423A-A675-42B00FDD4DA5}.EYLocal|Any CPU.Build.0 = Release|Any CPU
		{2878DE36-5734-423A-A675-42B00FDD4DA5}.EYLocal|Mixed Platforms.ActiveCfg = Debug|Any CPU
		{2878DE36-5734-423A-A675-42B00FDD4DA5}.EYLocal|Mixed Platforms.Build.0 = Debug|Any CPU
		{2878DE36-5734-423A-A675-42B00FDD4DA5}.EYLocal|x86.ActiveCfg = Release|Any CPU
		{2878DE36-5734-423A-A675-42B00FDD4DA5}.EYTest|Any CPU.ActiveCfg = EYLocal|Any CPU
		{2878DE36-5734-423A-A675-42B00FDD4DA5}.EYTest|Any CPU.Build.0 = EYLocal|Any CPU
		{2878DE36-5734-423A-A675-42B00FDD4DA5}.EYTest|Mixed Platforms.ActiveCfg = Debug|Any CPU
		{2878DE36-5734-423A-A675-42B00FDD4DA5}.EYTest|Mixed Platforms.Build.0 = Debug|Any CPU
		{2878DE36-5734-423A-A675-42B00FDD4DA5}.EYTest|x86.ActiveCfg = EYLocal|Any CPU
		{2878DE36-5734-423A-A675-42B00FDD4DA5}.EYTest|x86.Build.0 = EYLocal|Any CPU
		{2878DE36-5734-423A-A675-42B00FDD4DA5}.Release|Any CPU.ActiveCfg = Release|Any CPU
		{2878DE36-5734-423A-A675-42B00FDD4DA5}.Release|Any CPU.Build.0 = Release|Any CPU
		{2878DE36-5734-423A-A675-42B00FDD4DA5}.Release|Mixed Platforms.ActiveCfg = Debug|Any CPU
		{2878DE36-5734-423A-A675-42B00FDD4DA5}.Release|Mixed Platforms.Build.0 = Debug|Any CPU
		{2878DE36-5734-423A-A675-42B00FDD4DA5}.Release|x86.ActiveCfg = Release|Any CPU
		{2878DE36-5734-423A-A675-42B00FDD4DA5}.Release|x86.Build.0 = Release|Any CPU
		{E5E2680D-E96E-41B4-9508-05DDC557EB89}.Debug|Any CPU.ActiveCfg = Debug|Any CPU
		{E5E2680D-E96E-41B4-9508-05DDC557EB89}.Debug|Any CPU.Build.0 = Debug|Any CPU
		{E5E2680D-E96E-41B4-9508-05DDC557EB89}.Debug|Mixed Platforms.ActiveCfg = Debug|Any CPU
		{E5E2680D-E96E-41B4-9508-05DDC557EB89}.Debug|Mixed Platforms.Build.0 = Debug|Any CPU
		{E5E2680D-E96E-41B4-9508-05DDC557EB89}.Debug|x86.ActiveCfg = Debug|Any CPU
		{E5E2680D-E96E-41B4-9508-05DDC557EB89}.Debug|x86.Build.0 = Debug|Any CPU
		{E5E2680D-E96E-41B4-9508-05DDC557EB89}.EYLocal|Any CPU.ActiveCfg = Release|Any CPU
		{E5E2680D-E96E-41B4-9508-05DDC557EB89}.EYLocal|Any CPU.Build.0 = Release|Any CPU
		{E5E2680D-E96E-41B4-9508-05DDC557EB89}.EYLocal|Mixed Platforms.ActiveCfg = Debug|Any CPU
		{E5E2680D-E96E-41B4-9508-05DDC557EB89}.EYLocal|Mixed Platforms.Build.0 = Debug|Any CPU
		{E5E2680D-E96E-41B4-9508-05DDC557EB89}.EYLocal|x86.ActiveCfg = Release|Any CPU
		{E5E2680D-E96E-41B4-9508-05DDC557EB89}.EYTest|Any CPU.ActiveCfg = EYLocal|Any CPU
		{E5E2680D-E96E-41B4-9508-05DDC557EB89}.EYTest|Any CPU.Build.0 = EYLocal|Any CPU
		{E5E2680D-E96E-41B4-9508-05DDC557EB89}.EYTest|Mixed Platforms.ActiveCfg = Debug|Any CPU
		{E5E2680D-E96E-41B4-9508-05DDC557EB89}.EYTest|Mixed Platforms.Build.0 = Debug|Any CPU
		{E5E2680D-E96E-41B4-9508-05DDC557EB89}.EYTest|x86.ActiveCfg = EYLocal|Any CPU
		{E5E2680D-E96E-41B4-9508-05DDC557EB89}.EYTest|x86.Build.0 = EYLocal|Any CPU
		{E5E2680D-E96E-41B4-9508-05DDC557EB89}.Release|Any CPU.ActiveCfg = Release|Any CPU
		{E5E2680D-E96E-41B4-9508-05DDC557EB89}.Release|Any CPU.Build.0 = Release|Any CPU
		{E5E2680D-E96E-41B4-9508-05DDC557EB89}.Release|Mixed Platforms.ActiveCfg = Debug|Any CPU
		{E5E2680D-E96E-41B4-9508-05DDC557EB89}.Release|Mixed Platforms.Build.0 = Debug|Any CPU
		{E5E2680D-E96E-41B4-9508-05DDC557EB89}.Release|x86.ActiveCfg = Release|Any CPU
		{E5E2680D-E96E-41B4-9508-05DDC557EB89}.Release|x86.Build.0 = Release|Any CPU
		{814006A2-C815-45F2-A165-42CD5764C0E7}.Debug|Any CPU.ActiveCfg = Debug|Any CPU
		{814006A2-C815-45F2-A165-42CD5764C0E7}.Debug|Any CPU.Build.0 = Debug|Any CPU
		{814006A2-C815-45F2-A165-42CD5764C0E7}.Debug|Mixed Platforms.ActiveCfg = Debug|Any CPU
		{814006A2-C815-45F2-A165-42CD5764C0E7}.Debug|Mixed Platforms.Build.0 = Debug|Any CPU
		{814006A2-C815-45F2-A165-42CD5764C0E7}.Debug|x86.ActiveCfg = Debug|Any CPU
		{814006A2-C815-45F2-A165-42CD5764C0E7}.Debug|x86.Build.0 = Debug|Any CPU
		{814006A2-C815-45F2-A165-42CD5764C0E7}.EYLocal|Any CPU.ActiveCfg = Release|Any CPU
		{814006A2-C815-45F2-A165-42CD5764C0E7}.EYLocal|Any CPU.Build.0 = Release|Any CPU
		{814006A2-C815-45F2-A165-42CD5764C0E7}.EYLocal|Mixed Platforms.ActiveCfg = Debug|Any CPU
		{814006A2-C815-45F2-A165-42CD5764C0E7}.EYLocal|Mixed Platforms.Build.0 = Debug|Any CPU
		{814006A2-C815-45F2-A165-42CD5764C0E7}.EYLocal|x86.ActiveCfg = Release|Any CPU
		{814006A2-C815-45F2-A165-42CD5764C0E7}.EYTest|Any CPU.ActiveCfg = EYLocal|Any CPU
		{814006A2-C815-45F2-A165-42CD5764C0E7}.EYTest|Any CPU.Build.0 = EYLocal|Any CPU
		{814006A2-C815-45F2-A165-42CD5764C0E7}.EYTest|Mixed Platforms.ActiveCfg = Debug|Any CPU
		{814006A2-C815-45F2-A165-42CD5764C0E7}.EYTest|Mixed Platforms.Build.0 = Debug|Any CPU
		{814006A2-C815-45F2-A165-42CD5764C0E7}.EYTest|x86.ActiveCfg = EYLocal|Any CPU
		{814006A2-C815-45F2-A165-42CD5764C0E7}.EYTest|x86.Build.0 = EYLocal|Any CPU
		{814006A2-C815-45F2-A165-42CD5764C0E7}.Release|Any CPU.ActiveCfg = Release|Any CPU
		{814006A2-C815-45F2-A165-42CD5764C0E7}.Release|Any CPU.Build.0 = Release|Any CPU
		{814006A2-C815-45F2-A165-42CD5764C0E7}.Release|Mixed Platforms.ActiveCfg = Debug|Any CPU
		{814006A2-C815-45F2-A165-42CD5764C0E7}.Release|Mixed Platforms.Build.0 = Debug|Any CPU
		{814006A2-C815-45F2-A165-42CD5764C0E7}.Release|x86.ActiveCfg = Release|Any CPU
		{814006A2-C815-45F2-A165-42CD5764C0E7}.Release|x86.Build.0 = Release|Any CPU
		{6FC8AFCB-CFD5-4537-BCF4-719FCDC42E4A}.Debug|Any CPU.ActiveCfg = Debug|Any CPU
		{6FC8AFCB-CFD5-4537-BCF4-719FCDC42E4A}.Debug|Any CPU.Build.0 = Debug|Any CPU
		{6FC8AFCB-CFD5-4537-BCF4-719FCDC42E4A}.Debug|Mixed Platforms.ActiveCfg = Debug|Any CPU
		{6FC8AFCB-CFD5-4537-BCF4-719FCDC42E4A}.Debug|Mixed Platforms.Build.0 = Debug|Any CPU
		{6FC8AFCB-CFD5-4537-BCF4-719FCDC42E4A}.Debug|x86.ActiveCfg = Debug|Any CPU
		{6FC8AFCB-CFD5-4537-BCF4-719FCDC42E4A}.Debug|x86.Build.0 = Debug|Any CPU
		{6FC8AFCB-CFD5-4537-BCF4-719FCDC42E4A}.EYLocal|Any CPU.ActiveCfg = EYLocal|Any CPU
		{6FC8AFCB-CFD5-4537-BCF4-719FCDC42E4A}.EYLocal|Any CPU.Build.0 = EYLocal|Any CPU
		{6FC8AFCB-CFD5-4537-BCF4-719FCDC42E4A}.EYLocal|Mixed Platforms.ActiveCfg = Debug|Any CPU
		{6FC8AFCB-CFD5-4537-BCF4-719FCDC42E4A}.EYLocal|Mixed Platforms.Build.0 = Debug|Any CPU
		{6FC8AFCB-CFD5-4537-BCF4-719FCDC42E4A}.EYLocal|x86.ActiveCfg = EYLocal|Any CPU
		{6FC8AFCB-CFD5-4537-BCF4-719FCDC42E4A}.EYTest|Any CPU.ActiveCfg = EYLocal|Any CPU
		{6FC8AFCB-CFD5-4537-BCF4-719FCDC42E4A}.EYTest|Any CPU.Build.0 = EYLocal|Any CPU
		{6FC8AFCB-CFD5-4537-BCF4-719FCDC42E4A}.EYTest|Mixed Platforms.ActiveCfg = Debug|Any CPU
		{6FC8AFCB-CFD5-4537-BCF4-719FCDC42E4A}.EYTest|Mixed Platforms.Build.0 = Debug|Any CPU
		{6FC8AFCB-CFD5-4537-BCF4-719FCDC42E4A}.EYTest|x86.ActiveCfg = EYLocal|Any CPU
		{6FC8AFCB-CFD5-4537-BCF4-719FCDC42E4A}.EYTest|x86.Build.0 = EYLocal|Any CPU
		{6FC8AFCB-CFD5-4537-BCF4-719FCDC42E4A}.Release|Any CPU.ActiveCfg = Release|Any CPU
		{6FC8AFCB-CFD5-4537-BCF4-719FCDC42E4A}.Release|Any CPU.Build.0 = Release|Any CPU
		{6FC8AFCB-CFD5-4537-BCF4-719FCDC42E4A}.Release|Mixed Platforms.ActiveCfg = Debug|Any CPU
		{6FC8AFCB-CFD5-4537-BCF4-719FCDC42E4A}.Release|Mixed Platforms.Build.0 = Debug|Any CPU
		{6FC8AFCB-CFD5-4537-BCF4-719FCDC42E4A}.Release|x86.ActiveCfg = Release|Any CPU
		{6FC8AFCB-CFD5-4537-BCF4-719FCDC42E4A}.Release|x86.Build.0 = Release|Any CPU
		{3EE0D0F5-11CC-47C3-9442-CDA11D58FB0E}.Debug|Any CPU.ActiveCfg = Debug|Any CPU
		{3EE0D0F5-11CC-47C3-9442-CDA11D58FB0E}.Debug|Any CPU.Build.0 = Debug|Any CPU
		{3EE0D0F5-11CC-47C3-9442-CDA11D58FB0E}.Debug|Mixed Platforms.ActiveCfg = Debug|Any CPU
		{3EE0D0F5-11CC-47C3-9442-CDA11D58FB0E}.Debug|Mixed Platforms.Build.0 = Debug|Any CPU
		{3EE0D0F5-11CC-47C3-9442-CDA11D58FB0E}.Debug|x86.ActiveCfg = Debug|Any CPU
		{3EE0D0F5-11CC-47C3-9442-CDA11D58FB0E}.Debug|x86.Build.0 = Debug|Any CPU
		{3EE0D0F5-11CC-47C3-9442-CDA11D58FB0E}.EYLocal|Any CPU.ActiveCfg = EYLocal|Any CPU
		{3EE0D0F5-11CC-47C3-9442-CDA11D58FB0E}.EYLocal|Any CPU.Build.0 = EYLocal|Any CPU
		{3EE0D0F5-11CC-47C3-9442-CDA11D58FB0E}.EYLocal|Mixed Platforms.ActiveCfg = Debug|Any CPU
		{3EE0D0F5-11CC-47C3-9442-CDA11D58FB0E}.EYLocal|Mixed Platforms.Build.0 = Debug|Any CPU
		{3EE0D0F5-11CC-47C3-9442-CDA11D58FB0E}.EYLocal|x86.ActiveCfg = EYLocal|Any CPU
		{3EE0D0F5-11CC-47C3-9442-CDA11D58FB0E}.EYTest|Any CPU.ActiveCfg = EYLocal|Any CPU
		{3EE0D0F5-11CC-47C3-9442-CDA11D58FB0E}.EYTest|Any CPU.Build.0 = EYLocal|Any CPU
		{3EE0D0F5-11CC-47C3-9442-CDA11D58FB0E}.EYTest|Mixed Platforms.ActiveCfg = Debug|Any CPU
		{3EE0D0F5-11CC-47C3-9442-CDA11D58FB0E}.EYTest|Mixed Platforms.Build.0 = Debug|Any CPU
		{3EE0D0F5-11CC-47C3-9442-CDA11D58FB0E}.EYTest|x86.ActiveCfg = EYLocal|Any CPU
		{3EE0D0F5-11CC-47C3-9442-CDA11D58FB0E}.EYTest|x86.Build.0 = EYLocal|Any CPU
		{3EE0D0F5-11CC-47C3-9442-CDA11D58FB0E}.Release|Any CPU.ActiveCfg = Release|Any CPU
		{3EE0D0F5-11CC-47C3-9442-CDA11D58FB0E}.Release|Any CPU.Build.0 = Release|Any CPU
		{3EE0D0F5-11CC-47C3-9442-CDA11D58FB0E}.Release|Mixed Platforms.ActiveCfg = Debug|Any CPU
		{3EE0D0F5-11CC-47C3-9442-CDA11D58FB0E}.Release|Mixed Platforms.Build.0 = Debug|Any CPU
		{3EE0D0F5-11CC-47C3-9442-CDA11D58FB0E}.Release|x86.ActiveCfg = Release|Any CPU
		{3EE0D0F5-11CC-47C3-9442-CDA11D58FB0E}.Release|x86.Build.0 = Release|Any CPU
		{98C1CCED-5CED-48C8-B62A-B880D28AE1DA}.Debug|Any CPU.ActiveCfg = Debug|Any CPU
		{98C1CCED-5CED-48C8-B62A-B880D28AE1DA}.Debug|Any CPU.Build.0 = Debug|Any CPU
		{98C1CCED-5CED-48C8-B62A-B880D28AE1DA}.Debug|Mixed Platforms.ActiveCfg = Debug|Any CPU
		{98C1CCED-5CED-48C8-B62A-B880D28AE1DA}.Debug|Mixed Platforms.Build.0 = Debug|Any CPU
		{98C1CCED-5CED-48C8-B62A-B880D28AE1DA}.Debug|x86.ActiveCfg = Debug|Any CPU
		{98C1CCED-5CED-48C8-B62A-B880D28AE1DA}.Debug|x86.Build.0 = Debug|Any CPU
		{98C1CCED-5CED-48C8-B62A-B880D28AE1DA}.EYLocal|Any CPU.ActiveCfg = Release|Any CPU
		{98C1CCED-5CED-48C8-B62A-B880D28AE1DA}.EYLocal|Mixed Platforms.ActiveCfg = Debug|Any CPU
		{98C1CCED-5CED-48C8-B62A-B880D28AE1DA}.EYLocal|x86.ActiveCfg = Release|Any CPU
		{98C1CCED-5CED-48C8-B62A-B880D28AE1DA}.EYTest|Any CPU.ActiveCfg = Release|Any CPU
		{98C1CCED-5CED-48C8-B62A-B880D28AE1DA}.EYTest|Any CPU.Build.0 = Release|Any CPU
		{98C1CCED-5CED-48C8-B62A-B880D28AE1DA}.EYTest|Mixed Platforms.ActiveCfg = Debug|Any CPU
		{98C1CCED-5CED-48C8-B62A-B880D28AE1DA}.EYTest|Mixed Platforms.Build.0 = Release|Any CPU
		{98C1CCED-5CED-48C8-B62A-B880D28AE1DA}.EYTest|x86.ActiveCfg = Release|Any CPU
		{98C1CCED-5CED-48C8-B62A-B880D28AE1DA}.EYTest|x86.Build.0 = Release|Any CPU
		{98C1CCED-5CED-48C8-B62A-B880D28AE1DA}.Release|Any CPU.ActiveCfg = Release|Any CPU
		{98C1CCED-5CED-48C8-B62A-B880D28AE1DA}.Release|Any CPU.Build.0 = Release|Any CPU
		{98C1CCED-5CED-48C8-B62A-B880D28AE1DA}.Release|Mixed Platforms.ActiveCfg = Debug|Any CPU
		{98C1CCED-5CED-48C8-B62A-B880D28AE1DA}.Release|Mixed Platforms.Build.0 = Release|Any CPU
		{98C1CCED-5CED-48C8-B62A-B880D28AE1DA}.Release|x86.ActiveCfg = Release|Any CPU
		{98C1CCED-5CED-48C8-B62A-B880D28AE1DA}.Release|x86.Build.0 = Release|Any CPU
		{35551AE0-561D-4022-A335-4670DB20C207}.Debug|Any CPU.ActiveCfg = Debug|Any CPU
		{35551AE0-561D-4022-A335-4670DB20C207}.Debug|Any CPU.Build.0 = Debug|Any CPU
		{35551AE0-561D-4022-A335-4670DB20C207}.Debug|Mixed Platforms.ActiveCfg = Debug|Any CPU
		{35551AE0-561D-4022-A335-4670DB20C207}.Debug|Mixed Platforms.Build.0 = Debug|Any CPU
		{35551AE0-561D-4022-A335-4670DB20C207}.Debug|x86.ActiveCfg = Debug|Any CPU
		{35551AE0-561D-4022-A335-4670DB20C207}.Debug|x86.Build.0 = Debug|Any CPU
		{35551AE0-561D-4022-A335-4670DB20C207}.EYLocal|Any CPU.ActiveCfg = Release|Any CPU
		{35551AE0-561D-4022-A335-4670DB20C207}.EYLocal|Any CPU.Build.0 = Release|Any CPU
		{35551AE0-561D-4022-A335-4670DB20C207}.EYLocal|Mixed Platforms.ActiveCfg = Debug|Any CPU
		{35551AE0-561D-4022-A335-4670DB20C207}.EYLocal|Mixed Platforms.Build.0 = Debug|Any CPU
		{35551AE0-561D-4022-A335-4670DB20C207}.EYLocal|x86.ActiveCfg = Release|Any CPU
		{35551AE0-561D-4022-A335-4670DB20C207}.EYTest|Any CPU.ActiveCfg = Release|Any CPU
		{35551AE0-561D-4022-A335-4670DB20C207}.EYTest|Any CPU.Build.0 = Release|Any CPU
		{35551AE0-561D-4022-A335-4670DB20C207}.EYTest|Mixed Platforms.ActiveCfg = Debug|Any CPU
		{35551AE0-561D-4022-A335-4670DB20C207}.EYTest|Mixed Platforms.Build.0 = Debug|Any CPU
		{35551AE0-561D-4022-A335-4670DB20C207}.EYTest|x86.ActiveCfg = Release|Any CPU
		{35551AE0-561D-4022-A335-4670DB20C207}.EYTest|x86.Build.0 = Release|Any CPU
		{35551AE0-561D-4022-A335-4670DB20C207}.Release|Any CPU.ActiveCfg = Release|Any CPU
		{35551AE0-561D-4022-A335-4670DB20C207}.Release|Any CPU.Build.0 = Release|Any CPU
		{35551AE0-561D-4022-A335-4670DB20C207}.Release|Mixed Platforms.ActiveCfg = Debug|Any CPU
		{35551AE0-561D-4022-A335-4670DB20C207}.Release|Mixed Platforms.Build.0 = Debug|Any CPU
		{35551AE0-561D-4022-A335-4670DB20C207}.Release|x86.ActiveCfg = Release|Any CPU
		{35551AE0-561D-4022-A335-4670DB20C207}.Release|x86.Build.0 = Release|Any CPU
		{DE1A6FEA-BFDE-40AB-B8F9-ACF1917771D0}.Debug|Any CPU.ActiveCfg = Debug|Any CPU
		{DE1A6FEA-BFDE-40AB-B8F9-ACF1917771D0}.Debug|Any CPU.Build.0 = Debug|Any CPU
		{DE1A6FEA-BFDE-40AB-B8F9-ACF1917771D0}.Debug|Mixed Platforms.ActiveCfg = Debug|Any CPU
		{DE1A6FEA-BFDE-40AB-B8F9-ACF1917771D0}.Debug|Mixed Platforms.Build.0 = Debug|Any CPU
		{DE1A6FEA-BFDE-40AB-B8F9-ACF1917771D0}.Debug|x86.ActiveCfg = Debug|Any CPU
		{DE1A6FEA-BFDE-40AB-B8F9-ACF1917771D0}.Debug|x86.Build.0 = Debug|Any CPU
		{DE1A6FEA-BFDE-40AB-B8F9-ACF1917771D0}.EYLocal|Any CPU.ActiveCfg = Release|Any CPU
		{DE1A6FEA-BFDE-40AB-B8F9-ACF1917771D0}.EYLocal|Any CPU.Build.0 = Release|Any CPU
		{DE1A6FEA-BFDE-40AB-B8F9-ACF1917771D0}.EYLocal|Mixed Platforms.ActiveCfg = Debug|Any CPU
		{DE1A6FEA-BFDE-40AB-B8F9-ACF1917771D0}.EYLocal|Mixed Platforms.Build.0 = Debug|Any CPU
		{DE1A6FEA-BFDE-40AB-B8F9-ACF1917771D0}.EYLocal|x86.ActiveCfg = Release|Any CPU
		{DE1A6FEA-BFDE-40AB-B8F9-ACF1917771D0}.EYTest|Any CPU.ActiveCfg = Release|Any CPU
		{DE1A6FEA-BFDE-40AB-B8F9-ACF1917771D0}.EYTest|Any CPU.Build.0 = Release|Any CPU
		{DE1A6FEA-BFDE-40AB-B8F9-ACF1917771D0}.EYTest|Mixed Platforms.ActiveCfg = Debug|Any CPU
		{DE1A6FEA-BFDE-40AB-B8F9-ACF1917771D0}.EYTest|Mixed Platforms.Build.0 = Debug|Any CPU
		{DE1A6FEA-BFDE-40AB-B8F9-ACF1917771D0}.EYTest|x86.ActiveCfg = Release|Any CPU
		{DE1A6FEA-BFDE-40AB-B8F9-ACF1917771D0}.EYTest|x86.Build.0 = Release|Any CPU
		{DE1A6FEA-BFDE-40AB-B8F9-ACF1917771D0}.Release|Any CPU.ActiveCfg = Release|Any CPU
		{DE1A6FEA-BFDE-40AB-B8F9-ACF1917771D0}.Release|Any CPU.Build.0 = Release|Any CPU
		{DE1A6FEA-BFDE-40AB-B8F9-ACF1917771D0}.Release|Mixed Platforms.ActiveCfg = Debug|Any CPU
		{DE1A6FEA-BFDE-40AB-B8F9-ACF1917771D0}.Release|Mixed Platforms.Build.0 = Debug|Any CPU
		{DE1A6FEA-BFDE-40AB-B8F9-ACF1917771D0}.Release|x86.ActiveCfg = Release|Any CPU
		{DE1A6FEA-BFDE-40AB-B8F9-ACF1917771D0}.Release|x86.Build.0 = Release|Any CPU
		{531792EC-2AF7-40DA-9B69-BA4516609238}.Debug|Any CPU.ActiveCfg = Debug|Any CPU
		{531792EC-2AF7-40DA-9B69-BA4516609238}.Debug|Any CPU.Build.0 = Debug|Any CPU
		{531792EC-2AF7-40DA-9B69-BA4516609238}.Debug|Mixed Platforms.ActiveCfg = Debug|Any CPU
		{531792EC-2AF7-40DA-9B69-BA4516609238}.Debug|Mixed Platforms.Build.0 = Debug|Any CPU
		{531792EC-2AF7-40DA-9B69-BA4516609238}.Debug|x86.ActiveCfg = Debug|Any CPU
		{531792EC-2AF7-40DA-9B69-BA4516609238}.Debug|x86.Build.0 = Debug|Any CPU
		{531792EC-2AF7-40DA-9B69-BA4516609238}.EYLocal|Any CPU.ActiveCfg = Release|Any CPU
		{531792EC-2AF7-40DA-9B69-BA4516609238}.EYLocal|Any CPU.Build.0 = Release|Any CPU
		{531792EC-2AF7-40DA-9B69-BA4516609238}.EYLocal|Mixed Platforms.ActiveCfg = Debug|Any CPU
		{531792EC-2AF7-40DA-9B69-BA4516609238}.EYLocal|Mixed Platforms.Build.0 = Debug|Any CPU
		{531792EC-2AF7-40DA-9B69-BA4516609238}.EYLocal|x86.ActiveCfg = Release|Any CPU
		{531792EC-2AF7-40DA-9B69-BA4516609238}.EYTest|Any CPU.ActiveCfg = Release|Any CPU
		{531792EC-2AF7-40DA-9B69-BA4516609238}.EYTest|Any CPU.Build.0 = Release|Any CPU
		{531792EC-2AF7-40DA-9B69-BA4516609238}.EYTest|Mixed Platforms.ActiveCfg = Debug|Any CPU
		{531792EC-2AF7-40DA-9B69-BA4516609238}.EYTest|Mixed Platforms.Build.0 = Debug|Any CPU
		{531792EC-2AF7-40DA-9B69-BA4516609238}.EYTest|x86.ActiveCfg = Release|Any CPU
		{531792EC-2AF7-40DA-9B69-BA4516609238}.EYTest|x86.Build.0 = Release|Any CPU
		{531792EC-2AF7-40DA-9B69-BA4516609238}.Release|Any CPU.ActiveCfg = Release|Any CPU
		{531792EC-2AF7-40DA-9B69-BA4516609238}.Release|Any CPU.Build.0 = Release|Any CPU
		{531792EC-2AF7-40DA-9B69-BA4516609238}.Release|Mixed Platforms.ActiveCfg = Debug|Any CPU
		{531792EC-2AF7-40DA-9B69-BA4516609238}.Release|Mixed Platforms.Build.0 = Debug|Any CPU
		{531792EC-2AF7-40DA-9B69-BA4516609238}.Release|x86.ActiveCfg = Release|Any CPU
		{531792EC-2AF7-40DA-9B69-BA4516609238}.Release|x86.Build.0 = Release|Any CPU
		{49F9BCA3-2E43-4ADD-8DA7-D4071D3351F6}.Debug|Any CPU.ActiveCfg = Debug|Any CPU
		{49F9BCA3-2E43-4ADD-8DA7-D4071D3351F6}.Debug|Any CPU.Build.0 = Debug|Any CPU
		{49F9BCA3-2E43-4ADD-8DA7-D4071D3351F6}.Debug|Mixed Platforms.ActiveCfg = Debug|Any CPU
		{49F9BCA3-2E43-4ADD-8DA7-D4071D3351F6}.Debug|Mixed Platforms.Build.0 = Debug|Any CPU
		{49F9BCA3-2E43-4ADD-8DA7-D4071D3351F6}.Debug|x86.ActiveCfg = Debug|Any CPU
		{49F9BCA3-2E43-4ADD-8DA7-D4071D3351F6}.Debug|x86.Build.0 = Debug|Any CPU
		{49F9BCA3-2E43-4ADD-8DA7-D4071D3351F6}.EYLocal|Any CPU.ActiveCfg = Release|Any CPU
		{49F9BCA3-2E43-4ADD-8DA7-D4071D3351F6}.EYLocal|Any CPU.Build.0 = Release|Any CPU
		{49F9BCA3-2E43-4ADD-8DA7-D4071D3351F6}.EYLocal|Mixed Platforms.ActiveCfg = Debug|Any CPU
		{49F9BCA3-2E43-4ADD-8DA7-D4071D3351F6}.EYLocal|Mixed Platforms.Build.0 = Debug|Any CPU
		{49F9BCA3-2E43-4ADD-8DA7-D4071D3351F6}.EYLocal|x86.ActiveCfg = Release|Any CPU
		{49F9BCA3-2E43-4ADD-8DA7-D4071D3351F6}.EYLocal|x86.Build.0 = Release|Any CPU
		{49F9BCA3-2E43-4ADD-8DA7-D4071D3351F6}.EYTest|Any CPU.ActiveCfg = Release|Any CPU
		{49F9BCA3-2E43-4ADD-8DA7-D4071D3351F6}.EYTest|Any CPU.Build.0 = Release|Any CPU
		{49F9BCA3-2E43-4ADD-8DA7-D4071D3351F6}.EYTest|Mixed Platforms.ActiveCfg = Debug|Any CPU
		{49F9BCA3-2E43-4ADD-8DA7-D4071D3351F6}.EYTest|Mixed Platforms.Build.0 = Debug|Any CPU
		{49F9BCA3-2E43-4ADD-8DA7-D4071D3351F6}.EYTest|x86.ActiveCfg = Release|Any CPU
		{49F9BCA3-2E43-4ADD-8DA7-D4071D3351F6}.EYTest|x86.Build.0 = Release|Any CPU
		{49F9BCA3-2E43-4ADD-8DA7-D4071D3351F6}.Release|Any CPU.ActiveCfg = Release|Any CPU
		{49F9BCA3-2E43-4ADD-8DA7-D4071D3351F6}.Release|Any CPU.Build.0 = Release|Any CPU
		{49F9BCA3-2E43-4ADD-8DA7-D4071D3351F6}.Release|Mixed Platforms.ActiveCfg = Debug|Any CPU
		{49F9BCA3-2E43-4ADD-8DA7-D4071D3351F6}.Release|Mixed Platforms.Build.0 = Debug|Any CPU
		{49F9BCA3-2E43-4ADD-8DA7-D4071D3351F6}.Release|x86.ActiveCfg = Release|Any CPU
		{49F9BCA3-2E43-4ADD-8DA7-D4071D3351F6}.Release|x86.Build.0 = Release|Any CPU
		{42DF4E56-5C9B-4204-B409-30DF623D3929}.Debug|Any CPU.ActiveCfg = Debug|Any CPU
		{42DF4E56-5C9B-4204-B409-30DF623D3929}.Debug|Mixed Platforms.ActiveCfg = Debug|Any CPU
		{42DF4E56-5C9B-4204-B409-30DF623D3929}.Debug|x86.ActiveCfg = Debug|Any CPU
		{42DF4E56-5C9B-4204-B409-30DF623D3929}.EYLocal|Any CPU.ActiveCfg = Debug|Any CPU
		{42DF4E56-5C9B-4204-B409-30DF623D3929}.EYLocal|Any CPU.Build.0 = Debug|Any CPU
		{42DF4E56-5C9B-4204-B409-30DF623D3929}.EYLocal|Any CPU.Deploy.0 = Debug|Any CPU
		{42DF4E56-5C9B-4204-B409-30DF623D3929}.EYLocal|Mixed Platforms.ActiveCfg = Debug|Any CPU
		{42DF4E56-5C9B-4204-B409-30DF623D3929}.EYLocal|Mixed Platforms.Build.0 = Debug|Any CPU
		{42DF4E56-5C9B-4204-B409-30DF623D3929}.EYLocal|Mixed Platforms.Deploy.0 = Debug|Any CPU
		{42DF4E56-5C9B-4204-B409-30DF623D3929}.EYLocal|x86.ActiveCfg = Debug|Any CPU
		{42DF4E56-5C9B-4204-B409-30DF623D3929}.EYLocal|x86.Build.0 = Debug|Any CPU
		{42DF4E56-5C9B-4204-B409-30DF623D3929}.EYLocal|x86.Deploy.0 = Debug|Any CPU
		{42DF4E56-5C9B-4204-B409-30DF623D3929}.EYTest|Any CPU.ActiveCfg = Release|Any CPU
		{42DF4E56-5C9B-4204-B409-30DF623D3929}.EYTest|Any CPU.Build.0 = Release|Any CPU
		{42DF4E56-5C9B-4204-B409-30DF623D3929}.EYTest|Any CPU.Deploy.0 = Release|Any CPU
		{42DF4E56-5C9B-4204-B409-30DF623D3929}.EYTest|Mixed Platforms.ActiveCfg = Debug|Any CPU
		{42DF4E56-5C9B-4204-B409-30DF623D3929}.EYTest|Mixed Platforms.Build.0 = Release|Any CPU
		{42DF4E56-5C9B-4204-B409-30DF623D3929}.EYTest|Mixed Platforms.Deploy.0 = Release|Any CPU
		{42DF4E56-5C9B-4204-B409-30DF623D3929}.EYTest|x86.ActiveCfg = Release|Any CPU
		{42DF4E56-5C9B-4204-B409-30DF623D3929}.EYTest|x86.Build.0 = Release|Any CPU
		{42DF4E56-5C9B-4204-B409-30DF623D3929}.EYTest|x86.Deploy.0 = Release|Any CPU
		{42DF4E56-5C9B-4204-B409-30DF623D3929}.Release|Any CPU.ActiveCfg = Release|Any CPU
		{42DF4E56-5C9B-4204-B409-30DF623D3929}.Release|Mixed Platforms.ActiveCfg = Debug|Any CPU
		{42DF4E56-5C9B-4204-B409-30DF623D3929}.Release|Mixed Platforms.Build.0 = Release|Any CPU
		{42DF4E56-5C9B-4204-B409-30DF623D3929}.Release|Mixed Platforms.Deploy.0 = Release|Any CPU
		{42DF4E56-5C9B-4204-B409-30DF623D3929}.Release|x86.ActiveCfg = Release|Any CPU
		{01D62D50-0DB7-499F-9102-7759334A025F}.Debug|Any CPU.ActiveCfg = Debug|Any CPU
		{01D62D50-0DB7-499F-9102-7759334A025F}.Debug|Mixed Platforms.ActiveCfg = Debug|Any CPU
		{01D62D50-0DB7-499F-9102-7759334A025F}.Debug|x86.ActiveCfg = Debug|Any CPU
		{01D62D50-0DB7-499F-9102-7759334A025F}.EYLocal|Any CPU.ActiveCfg = Debug|Any CPU
		{01D62D50-0DB7-499F-9102-7759334A025F}.EYLocal|Any CPU.Build.0 = Debug|Any CPU
		{01D62D50-0DB7-499F-9102-7759334A025F}.EYLocal|Any CPU.Deploy.0 = Debug|Any CPU
		{01D62D50-0DB7-499F-9102-7759334A025F}.EYLocal|Mixed Platforms.ActiveCfg = Debug|Any CPU
		{01D62D50-0DB7-499F-9102-7759334A025F}.EYLocal|Mixed Platforms.Build.0 = Debug|Any CPU
		{01D62D50-0DB7-499F-9102-7759334A025F}.EYLocal|Mixed Platforms.Deploy.0 = Debug|Any CPU
		{01D62D50-0DB7-499F-9102-7759334A025F}.EYLocal|x86.ActiveCfg = Debug|Any CPU
		{01D62D50-0DB7-499F-9102-7759334A025F}.EYLocal|x86.Build.0 = Debug|Any CPU
		{01D62D50-0DB7-499F-9102-7759334A025F}.EYLocal|x86.Deploy.0 = Debug|Any CPU
		{01D62D50-0DB7-499F-9102-7759334A025F}.EYTest|Any CPU.ActiveCfg = Release|Any CPU
		{01D62D50-0DB7-499F-9102-7759334A025F}.EYTest|Any CPU.Build.0 = Release|Any CPU
		{01D62D50-0DB7-499F-9102-7759334A025F}.EYTest|Any CPU.Deploy.0 = Release|Any CPU
		{01D62D50-0DB7-499F-9102-7759334A025F}.EYTest|Mixed Platforms.ActiveCfg = Debug|Any CPU
		{01D62D50-0DB7-499F-9102-7759334A025F}.EYTest|Mixed Platforms.Build.0 = Release|Any CPU
		{01D62D50-0DB7-499F-9102-7759334A025F}.EYTest|Mixed Platforms.Deploy.0 = Release|Any CPU
		{01D62D50-0DB7-499F-9102-7759334A025F}.EYTest|x86.ActiveCfg = Release|Any CPU
		{01D62D50-0DB7-499F-9102-7759334A025F}.EYTest|x86.Build.0 = Release|Any CPU
		{01D62D50-0DB7-499F-9102-7759334A025F}.EYTest|x86.Deploy.0 = Release|Any CPU
		{01D62D50-0DB7-499F-9102-7759334A025F}.Release|Any CPU.ActiveCfg = Release|Any CPU
		{01D62D50-0DB7-499F-9102-7759334A025F}.Release|Mixed Platforms.ActiveCfg = Debug|Any CPU
		{01D62D50-0DB7-499F-9102-7759334A025F}.Release|Mixed Platforms.Build.0 = Release|Any CPU
		{01D62D50-0DB7-499F-9102-7759334A025F}.Release|Mixed Platforms.Deploy.0 = Release|Any CPU
		{01D62D50-0DB7-499F-9102-7759334A025F}.Release|x86.ActiveCfg = Release|Any CPU
		{E4B158F3-CC77-48FE-B5B6-3B59C5836FCB}.Debug|Any CPU.ActiveCfg = Debug|Any CPU
		{E4B158F3-CC77-48FE-B5B6-3B59C5836FCB}.Debug|Mixed Platforms.ActiveCfg = Debug|Any CPU
		{E4B158F3-CC77-48FE-B5B6-3B59C5836FCB}.Debug|x86.ActiveCfg = Debug|Any CPU
		{E4B158F3-CC77-48FE-B5B6-3B59C5836FCB}.EYLocal|Any CPU.ActiveCfg = Debug|Any CPU
		{E4B158F3-CC77-48FE-B5B6-3B59C5836FCB}.EYLocal|Any CPU.Build.0 = Debug|Any CPU
		{E4B158F3-CC77-48FE-B5B6-3B59C5836FCB}.EYLocal|Any CPU.Deploy.0 = Debug|Any CPU
		{E4B158F3-CC77-48FE-B5B6-3B59C5836FCB}.EYLocal|Mixed Platforms.ActiveCfg = Debug|Any CPU
		{E4B158F3-CC77-48FE-B5B6-3B59C5836FCB}.EYLocal|Mixed Platforms.Build.0 = Debug|Any CPU
		{E4B158F3-CC77-48FE-B5B6-3B59C5836FCB}.EYLocal|Mixed Platforms.Deploy.0 = Debug|Any CPU
		{E4B158F3-CC77-48FE-B5B6-3B59C5836FCB}.EYLocal|x86.ActiveCfg = Debug|Any CPU
		{E4B158F3-CC77-48FE-B5B6-3B59C5836FCB}.EYLocal|x86.Build.0 = Debug|Any CPU
		{E4B158F3-CC77-48FE-B5B6-3B59C5836FCB}.EYLocal|x86.Deploy.0 = Debug|Any CPU
		{E4B158F3-CC77-48FE-B5B6-3B59C5836FCB}.EYTest|Any CPU.ActiveCfg = Release|Any CPU
		{E4B158F3-CC77-48FE-B5B6-3B59C5836FCB}.EYTest|Any CPU.Build.0 = Release|Any CPU
		{E4B158F3-CC77-48FE-B5B6-3B59C5836FCB}.EYTest|Any CPU.Deploy.0 = Release|Any CPU
		{E4B158F3-CC77-48FE-B5B6-3B59C5836FCB}.EYTest|Mixed Platforms.ActiveCfg = Debug|Any CPU
		{E4B158F3-CC77-48FE-B5B6-3B59C5836FCB}.EYTest|Mixed Platforms.Build.0 = Release|Any CPU
		{E4B158F3-CC77-48FE-B5B6-3B59C5836FCB}.EYTest|Mixed Platforms.Deploy.0 = Release|Any CPU
		{E4B158F3-CC77-48FE-B5B6-3B59C5836FCB}.EYTest|x86.ActiveCfg = Release|Any CPU
		{E4B158F3-CC77-48FE-B5B6-3B59C5836FCB}.EYTest|x86.Build.0 = Release|Any CPU
		{E4B158F3-CC77-48FE-B5B6-3B59C5836FCB}.EYTest|x86.Deploy.0 = Release|Any CPU
		{E4B158F3-CC77-48FE-B5B6-3B59C5836FCB}.Release|Any CPU.ActiveCfg = Release|Any CPU
		{E4B158F3-CC77-48FE-B5B6-3B59C5836FCB}.Release|Mixed Platforms.ActiveCfg = Debug|Any CPU
		{E4B158F3-CC77-48FE-B5B6-3B59C5836FCB}.Release|Mixed Platforms.Build.0 = Release|Any CPU
		{E4B158F3-CC77-48FE-B5B6-3B59C5836FCB}.Release|Mixed Platforms.Deploy.0 = Release|Any CPU
		{E4B158F3-CC77-48FE-B5B6-3B59C5836FCB}.Release|x86.ActiveCfg = Release|Any CPU
		{D78C4E5A-1F77-4BD9-BD4D-264EA70FDFB4}.Debug|Any CPU.ActiveCfg = Debug|Any CPU
		{D78C4E5A-1F77-4BD9-BD4D-264EA70FDFB4}.Debug|Any CPU.Build.0 = Debug|Any CPU
		{D78C4E5A-1F77-4BD9-BD4D-264EA70FDFB4}.Debug|Mixed Platforms.ActiveCfg = Debug|Any CPU
		{D78C4E5A-1F77-4BD9-BD4D-264EA70FDFB4}.Debug|Mixed Platforms.Build.0 = Debug|Any CPU
		{D78C4E5A-1F77-4BD9-BD4D-264EA70FDFB4}.Debug|x86.ActiveCfg = Debug|Any CPU
		{D78C4E5A-1F77-4BD9-BD4D-264EA70FDFB4}.Debug|x86.Build.0 = Debug|Any CPU
		{D78C4E5A-1F77-4BD9-BD4D-264EA70FDFB4}.EYLocal|Any CPU.ActiveCfg = EYTest|Any CPU
		{D78C4E5A-1F77-4BD9-BD4D-264EA70FDFB4}.EYLocal|Any CPU.Build.0 = EYTest|Any CPU
		{D78C4E5A-1F77-4BD9-BD4D-264EA70FDFB4}.EYLocal|Mixed Platforms.ActiveCfg = Debug|Any CPU
		{D78C4E5A-1F77-4BD9-BD4D-264EA70FDFB4}.EYLocal|Mixed Platforms.Build.0 = Debug|Any CPU
		{D78C4E5A-1F77-4BD9-BD4D-264EA70FDFB4}.EYLocal|x86.ActiveCfg = EYTest|Any CPU
		{D78C4E5A-1F77-4BD9-BD4D-264EA70FDFB4}.EYLocal|x86.Build.0 = EYTest|Any CPU
		{D78C4E5A-1F77-4BD9-BD4D-264EA70FDFB4}.EYTest|Any CPU.ActiveCfg = EYTest|Any CPU
		{D78C4E5A-1F77-4BD9-BD4D-264EA70FDFB4}.EYTest|Any CPU.Build.0 = EYTest|Any CPU
		{D78C4E5A-1F77-4BD9-BD4D-264EA70FDFB4}.EYTest|Mixed Platforms.ActiveCfg = Debug|Any CPU
		{D78C4E5A-1F77-4BD9-BD4D-264EA70FDFB4}.EYTest|Mixed Platforms.Build.0 = Debug|Any CPU
		{D78C4E5A-1F77-4BD9-BD4D-264EA70FDFB4}.EYTest|x86.ActiveCfg = EYTest|Any CPU
		{D78C4E5A-1F77-4BD9-BD4D-264EA70FDFB4}.EYTest|x86.Build.0 = EYTest|Any CPU
		{D78C4E5A-1F77-4BD9-BD4D-264EA70FDFB4}.Release|Any CPU.ActiveCfg = Release|Any CPU
		{D78C4E5A-1F77-4BD9-BD4D-264EA70FDFB4}.Release|Any CPU.Build.0 = Release|Any CPU
		{D78C4E5A-1F77-4BD9-BD4D-264EA70FDFB4}.Release|Mixed Platforms.ActiveCfg = Debug|Any CPU
		{D78C4E5A-1F77-4BD9-BD4D-264EA70FDFB4}.Release|Mixed Platforms.Build.0 = Debug|Any CPU
		{D78C4E5A-1F77-4BD9-BD4D-264EA70FDFB4}.Release|x86.ActiveCfg = Release|Any CPU
		{D78C4E5A-1F77-4BD9-BD4D-264EA70FDFB4}.Release|x86.Build.0 = Release|Any CPU
		{EAC92663-BBBE-478E-AFE3-0E64D60E748A}.Debug|Any CPU.ActiveCfg = Debug|Any CPU
		{EAC92663-BBBE-478E-AFE3-0E64D60E748A}.Debug|Any CPU.Build.0 = Debug|Any CPU
		{EAC92663-BBBE-478E-AFE3-0E64D60E748A}.Debug|Mixed Platforms.ActiveCfg = Debug|Any CPU
		{EAC92663-BBBE-478E-AFE3-0E64D60E748A}.Debug|Mixed Platforms.Build.0 = Debug|Any CPU
		{EAC92663-BBBE-478E-AFE3-0E64D60E748A}.Debug|x86.ActiveCfg = Debug|Any CPU
		{EAC92663-BBBE-478E-AFE3-0E64D60E748A}.Debug|x86.Build.0 = Debug|Any CPU
		{EAC92663-BBBE-478E-AFE3-0E64D60E748A}.EYLocal|Any CPU.ActiveCfg = Release|Any CPU
		{EAC92663-BBBE-478E-AFE3-0E64D60E748A}.EYLocal|Any CPU.Build.0 = Release|Any CPU
		{EAC92663-BBBE-478E-AFE3-0E64D60E748A}.EYLocal|Mixed Platforms.ActiveCfg = Release|Any CPU
		{EAC92663-BBBE-478E-AFE3-0E64D60E748A}.EYLocal|Mixed Platforms.Build.0 = Release|Any CPU
		{EAC92663-BBBE-478E-AFE3-0E64D60E748A}.EYLocal|x86.ActiveCfg = Release|Any CPU
		{EAC92663-BBBE-478E-AFE3-0E64D60E748A}.EYLocal|x86.Build.0 = Release|Any CPU
		{EAC92663-BBBE-478E-AFE3-0E64D60E748A}.EYTest|Any CPU.ActiveCfg = Release|Any CPU
		{EAC92663-BBBE-478E-AFE3-0E64D60E748A}.EYTest|Any CPU.Build.0 = Release|Any CPU
		{EAC92663-BBBE-478E-AFE3-0E64D60E748A}.EYTest|Mixed Platforms.ActiveCfg = Release|Any CPU
		{EAC92663-BBBE-478E-AFE3-0E64D60E748A}.EYTest|Mixed Platforms.Build.0 = Release|Any CPU
		{EAC92663-BBBE-478E-AFE3-0E64D60E748A}.EYTest|x86.ActiveCfg = Release|Any CPU
		{EAC92663-BBBE-478E-AFE3-0E64D60E748A}.EYTest|x86.Build.0 = Release|Any CPU
		{EAC92663-BBBE-478E-AFE3-0E64D60E748A}.Release|Any CPU.ActiveCfg = Release|Any CPU
		{EAC92663-BBBE-478E-AFE3-0E64D60E748A}.Release|Any CPU.Build.0 = Release|Any CPU
		{EAC92663-BBBE-478E-AFE3-0E64D60E748A}.Release|Mixed Platforms.ActiveCfg = Release|Any CPU
		{EAC92663-BBBE-478E-AFE3-0E64D60E748A}.Release|Mixed Platforms.Build.0 = Release|Any CPU
		{EAC92663-BBBE-478E-AFE3-0E64D60E748A}.Release|x86.ActiveCfg = Release|Any CPU
		{EAC92663-BBBE-478E-AFE3-0E64D60E748A}.Release|x86.Build.0 = Release|Any CPU
		{224975B1-4F38-45BF-B7A1-C91DF285280A}.Debug|Any CPU.ActiveCfg = Debug|Any CPU
		{224975B1-4F38-45BF-B7A1-C91DF285280A}.Debug|Any CPU.Build.0 = Debug|Any CPU
		{224975B1-4F38-45BF-B7A1-C91DF285280A}.Debug|Any CPU.Deploy.0 = Debug|Any CPU
		{224975B1-4F38-45BF-B7A1-C91DF285280A}.Debug|Mixed Platforms.ActiveCfg = Debug|Any CPU
		{224975B1-4F38-45BF-B7A1-C91DF285280A}.Debug|Mixed Platforms.Deploy.0 = Debug|Any CPU
		{224975B1-4F38-45BF-B7A1-C91DF285280A}.Debug|x86.ActiveCfg = Debug|Any CPU
		{224975B1-4F38-45BF-B7A1-C91DF285280A}.Debug|x86.Build.0 = Debug|Any CPU
		{224975B1-4F38-45BF-B7A1-C91DF285280A}.Debug|x86.Deploy.0 = Debug|Any CPU
		{224975B1-4F38-45BF-B7A1-C91DF285280A}.EYLocal|Any CPU.ActiveCfg = Debug|Any CPU
		{224975B1-4F38-45BF-B7A1-C91DF285280A}.EYLocal|Any CPU.Build.0 = Debug|Any CPU
		{224975B1-4F38-45BF-B7A1-C91DF285280A}.EYLocal|Any CPU.Deploy.0 = Debug|Any CPU
		{224975B1-4F38-45BF-B7A1-C91DF285280A}.EYLocal|Mixed Platforms.ActiveCfg = Debug|Any CPU
		{224975B1-4F38-45BF-B7A1-C91DF285280A}.EYLocal|Mixed Platforms.Build.0 = Debug|Any CPU
		{224975B1-4F38-45BF-B7A1-C91DF285280A}.EYLocal|Mixed Platforms.Deploy.0 = Debug|Any CPU
		{224975B1-4F38-45BF-B7A1-C91DF285280A}.EYLocal|x86.ActiveCfg = Debug|Any CPU
		{224975B1-4F38-45BF-B7A1-C91DF285280A}.EYLocal|x86.Build.0 = Debug|Any CPU
		{224975B1-4F38-45BF-B7A1-C91DF285280A}.EYLocal|x86.Deploy.0 = Debug|Any CPU
		{224975B1-4F38-45BF-B7A1-C91DF285280A}.EYTest|Any CPU.ActiveCfg = Debug|Any CPU
		{224975B1-4F38-45BF-B7A1-C91DF285280A}.EYTest|Any CPU.Build.0 = Debug|Any CPU
		{224975B1-4F38-45BF-B7A1-C91DF285280A}.EYTest|Any CPU.Deploy.0 = Debug|Any CPU
		{224975B1-4F38-45BF-B7A1-C91DF285280A}.EYTest|Mixed Platforms.ActiveCfg = Debug|Any CPU
		{224975B1-4F38-45BF-B7A1-C91DF285280A}.EYTest|Mixed Platforms.Build.0 = Debug|Any CPU
		{224975B1-4F38-45BF-B7A1-C91DF285280A}.EYTest|Mixed Platforms.Deploy.0 = Debug|Any CPU
		{224975B1-4F38-45BF-B7A1-C91DF285280A}.EYTest|x86.ActiveCfg = Debug|Any CPU
		{224975B1-4F38-45BF-B7A1-C91DF285280A}.EYTest|x86.Build.0 = Debug|Any CPU
		{224975B1-4F38-45BF-B7A1-C91DF285280A}.EYTest|x86.Deploy.0 = Debug|Any CPU
		{224975B1-4F38-45BF-B7A1-C91DF285280A}.Release|Any CPU.ActiveCfg = Release|Any CPU
		{224975B1-4F38-45BF-B7A1-C91DF285280A}.Release|Any CPU.Build.0 = Release|Any CPU
		{224975B1-4F38-45BF-B7A1-C91DF285280A}.Release|Any CPU.Deploy.0 = Release|Any CPU
		{224975B1-4F38-45BF-B7A1-C91DF285280A}.Release|Mixed Platforms.ActiveCfg = Release|Any CPU
		{224975B1-4F38-45BF-B7A1-C91DF285280A}.Release|Mixed Platforms.Build.0 = Release|Any CPU
		{224975B1-4F38-45BF-B7A1-C91DF285280A}.Release|Mixed Platforms.Deploy.0 = Release|Any CPU
		{224975B1-4F38-45BF-B7A1-C91DF285280A}.Release|x86.ActiveCfg = Release|Any CPU
		{224975B1-4F38-45BF-B7A1-C91DF285280A}.Release|x86.Build.0 = Release|Any CPU
		{224975B1-4F38-45BF-B7A1-C91DF285280A}.Release|x86.Deploy.0 = Release|Any CPU
		{82AF77B1-B191-407B-A89C-E75E9DFC7F9C}.Debug|Any CPU.ActiveCfg = Debug|Any CPU
		{82AF77B1-B191-407B-A89C-E75E9DFC7F9C}.Debug|Any CPU.Build.0 = Debug|Any CPU
		{82AF77B1-B191-407B-A89C-E75E9DFC7F9C}.Debug|Mixed Platforms.ActiveCfg = Debug|Any CPU
		{82AF77B1-B191-407B-A89C-E75E9DFC7F9C}.Debug|Mixed Platforms.Build.0 = Debug|Any CPU
		{82AF77B1-B191-407B-A89C-E75E9DFC7F9C}.Debug|x86.ActiveCfg = Debug|Any CPU
		{82AF77B1-B191-407B-A89C-E75E9DFC7F9C}.Debug|x86.Build.0 = Debug|Any CPU
		{82AF77B1-B191-407B-A89C-E75E9DFC7F9C}.EYLocal|Any CPU.ActiveCfg = Release|Any CPU
		{82AF77B1-B191-407B-A89C-E75E9DFC7F9C}.EYLocal|Any CPU.Build.0 = Release|Any CPU
		{82AF77B1-B191-407B-A89C-E75E9DFC7F9C}.EYLocal|Mixed Platforms.ActiveCfg = Release|Any CPU
		{82AF77B1-B191-407B-A89C-E75E9DFC7F9C}.EYLocal|Mixed Platforms.Build.0 = Release|Any CPU
		{82AF77B1-B191-407B-A89C-E75E9DFC7F9C}.EYLocal|x86.ActiveCfg = Release|Any CPU
		{82AF77B1-B191-407B-A89C-E75E9DFC7F9C}.EYLocal|x86.Build.0 = Release|Any CPU
		{82AF77B1-B191-407B-A89C-E75E9DFC7F9C}.EYTest|Any CPU.ActiveCfg = Release|Any CPU
		{82AF77B1-B191-407B-A89C-E75E9DFC7F9C}.EYTest|Any CPU.Build.0 = Release|Any CPU
		{82AF77B1-B191-407B-A89C-E75E9DFC7F9C}.EYTest|Mixed Platforms.ActiveCfg = Release|Any CPU
		{82AF77B1-B191-407B-A89C-E75E9DFC7F9C}.EYTest|Mixed Platforms.Build.0 = Release|Any CPU
		{82AF77B1-B191-407B-A89C-E75E9DFC7F9C}.EYTest|x86.ActiveCfg = Release|Any CPU
		{82AF77B1-B191-407B-A89C-E75E9DFC7F9C}.EYTest|x86.Build.0 = Release|Any CPU
		{82AF77B1-B191-407B-A89C-E75E9DFC7F9C}.Release|Any CPU.ActiveCfg = Release|Any CPU
		{82AF77B1-B191-407B-A89C-E75E9DFC7F9C}.Release|Any CPU.Build.0 = Release|Any CPU
		{82AF77B1-B191-407B-A89C-E75E9DFC7F9C}.Release|Mixed Platforms.ActiveCfg = Release|Any CPU
		{82AF77B1-B191-407B-A89C-E75E9DFC7F9C}.Release|Mixed Platforms.Build.0 = Release|Any CPU
		{82AF77B1-B191-407B-A89C-E75E9DFC7F9C}.Release|x86.ActiveCfg = Release|Any CPU
		{82AF77B1-B191-407B-A89C-E75E9DFC7F9C}.Release|x86.Build.0 = Release|Any CPU
		{BD749EA9-471A-4261-A0FC-C498BA3C7036}.Debug|Any CPU.ActiveCfg = Debug|Any CPU
		{BD749EA9-471A-4261-A0FC-C498BA3C7036}.Debug|Any CPU.Build.0 = Debug|Any CPU
		{BD749EA9-471A-4261-A0FC-C498BA3C7036}.Debug|Mixed Platforms.ActiveCfg = Debug|Any CPU
		{BD749EA9-471A-4261-A0FC-C498BA3C7036}.Debug|Mixed Platforms.Build.0 = Debug|Any CPU
		{BD749EA9-471A-4261-A0FC-C498BA3C7036}.Debug|x86.ActiveCfg = Debug|Any CPU
		{BD749EA9-471A-4261-A0FC-C498BA3C7036}.Debug|x86.Build.0 = Debug|Any CPU
		{BD749EA9-471A-4261-A0FC-C498BA3C7036}.EYLocal|Any CPU.ActiveCfg = EYLocal|Any CPU
		{BD749EA9-471A-4261-A0FC-C498BA3C7036}.EYLocal|Any CPU.Build.0 = EYLocal|Any CPU
		{BD749EA9-471A-4261-A0FC-C498BA3C7036}.EYLocal|Mixed Platforms.ActiveCfg = EYLocal|Any CPU
		{BD749EA9-471A-4261-A0FC-C498BA3C7036}.EYLocal|Mixed Platforms.Build.0 = EYLocal|Any CPU
		{BD749EA9-471A-4261-A0FC-C498BA3C7036}.EYLocal|x86.ActiveCfg = EYLocal|Any CPU
		{BD749EA9-471A-4261-A0FC-C498BA3C7036}.EYLocal|x86.Build.0 = EYLocal|Any CPU
		{BD749EA9-471A-4261-A0FC-C498BA3C7036}.EYTest|Any CPU.ActiveCfg = EYLocal|Any CPU
		{BD749EA9-471A-4261-A0FC-C498BA3C7036}.EYTest|Any CPU.Build.0 = EYLocal|Any CPU
		{BD749EA9-471A-4261-A0FC-C498BA3C7036}.EYTest|Mixed Platforms.ActiveCfg = EYLocal|Any CPU
		{BD749EA9-471A-4261-A0FC-C498BA3C7036}.EYTest|Mixed Platforms.Build.0 = EYLocal|Any CPU
		{BD749EA9-471A-4261-A0FC-C498BA3C7036}.EYTest|x86.ActiveCfg = EYLocal|Any CPU
		{BD749EA9-471A-4261-A0FC-C498BA3C7036}.EYTest|x86.Build.0 = EYLocal|Any CPU
		{BD749EA9-471A-4261-A0FC-C498BA3C7036}.Release|Any CPU.ActiveCfg = Release|Any CPU
		{BD749EA9-471A-4261-A0FC-C498BA3C7036}.Release|Any CPU.Build.0 = Release|Any CPU
		{BD749EA9-471A-4261-A0FC-C498BA3C7036}.Release|Mixed Platforms.ActiveCfg = Release|Any CPU
		{BD749EA9-471A-4261-A0FC-C498BA3C7036}.Release|Mixed Platforms.Build.0 = Release|Any CPU
		{BD749EA9-471A-4261-A0FC-C498BA3C7036}.Release|x86.ActiveCfg = Release|Any CPU
		{BD749EA9-471A-4261-A0FC-C498BA3C7036}.Release|x86.Build.0 = Release|Any CPU
		{DEEB6DBB-685C-42BC-8144-599BF33C30EA}.Debug|Any CPU.ActiveCfg = Debug|Any CPU
		{DEEB6DBB-685C-42BC-8144-599BF33C30EA}.Debug|Any CPU.Build.0 = Debug|Any CPU
		{DEEB6DBB-685C-42BC-8144-599BF33C30EA}.Debug|Mixed Platforms.ActiveCfg = Debug|Any CPU
		{DEEB6DBB-685C-42BC-8144-599BF33C30EA}.Debug|Mixed Platforms.Build.0 = Debug|Any CPU
		{DEEB6DBB-685C-42BC-8144-599BF33C30EA}.Debug|x86.ActiveCfg = Debug|Any CPU
		{DEEB6DBB-685C-42BC-8144-599BF33C30EA}.Debug|x86.Build.0 = Debug|Any CPU
		{DEEB6DBB-685C-42BC-8144-599BF33C30EA}.EYLocal|Any CPU.ActiveCfg = EYLocal|Any CPU
		{DEEB6DBB-685C-42BC-8144-599BF33C30EA}.EYLocal|Any CPU.Build.0 = EYLocal|Any CPU
		{DEEB6DBB-685C-42BC-8144-599BF33C30EA}.EYLocal|Mixed Platforms.ActiveCfg = EYLocal|Any CPU
		{DEEB6DBB-685C-42BC-8144-599BF33C30EA}.EYLocal|Mixed Platforms.Build.0 = EYLocal|Any CPU
		{DEEB6DBB-685C-42BC-8144-599BF33C30EA}.EYLocal|x86.ActiveCfg = EYLocal|Any CPU
		{DEEB6DBB-685C-42BC-8144-599BF33C30EA}.EYLocal|x86.Build.0 = EYLocal|Any CPU
		{DEEB6DBB-685C-42BC-8144-599BF33C30EA}.EYTest|Any CPU.ActiveCfg = EYLocal|Any CPU
		{DEEB6DBB-685C-42BC-8144-599BF33C30EA}.EYTest|Any CPU.Build.0 = EYLocal|Any CPU
		{DEEB6DBB-685C-42BC-8144-599BF33C30EA}.EYTest|Mixed Platforms.ActiveCfg = EYLocal|Any CPU
		{DEEB6DBB-685C-42BC-8144-599BF33C30EA}.EYTest|Mixed Platforms.Build.0 = EYLocal|Any CPU
		{DEEB6DBB-685C-42BC-8144-599BF33C30EA}.EYTest|x86.ActiveCfg = EYLocal|Any CPU
		{DEEB6DBB-685C-42BC-8144-599BF33C30EA}.EYTest|x86.Build.0 = EYLocal|Any CPU
		{DEEB6DBB-685C-42BC-8144-599BF33C30EA}.Release|Any CPU.ActiveCfg = Release|Any CPU
		{DEEB6DBB-685C-42BC-8144-599BF33C30EA}.Release|Any CPU.Build.0 = Release|Any CPU
		{DEEB6DBB-685C-42BC-8144-599BF33C30EA}.Release|Mixed Platforms.ActiveCfg = Release|Any CPU
		{DEEB6DBB-685C-42BC-8144-599BF33C30EA}.Release|Mixed Platforms.Build.0 = Release|Any CPU
		{DEEB6DBB-685C-42BC-8144-599BF33C30EA}.Release|x86.ActiveCfg = Release|Any CPU
		{DEEB6DBB-685C-42BC-8144-599BF33C30EA}.Release|x86.Build.0 = Release|Any CPU
		{A66651A8-2A51-43BB-B78F-876FCFBD3C12}.Debug|Any CPU.ActiveCfg = Debug|Any CPU
		{A66651A8-2A51-43BB-B78F-876FCFBD3C12}.Debug|Any CPU.Build.0 = Debug|Any CPU
		{A66651A8-2A51-43BB-B78F-876FCFBD3C12}.Debug|Mixed Platforms.ActiveCfg = Debug|Any CPU
		{A66651A8-2A51-43BB-B78F-876FCFBD3C12}.Debug|Mixed Platforms.Build.0 = Debug|Any CPU
		{A66651A8-2A51-43BB-B78F-876FCFBD3C12}.Debug|x86.ActiveCfg = Debug|Any CPU
		{A66651A8-2A51-43BB-B78F-876FCFBD3C12}.Debug|x86.Build.0 = Debug|Any CPU
		{A66651A8-2A51-43BB-B78F-876FCFBD3C12}.EYLocal|Any CPU.ActiveCfg = Release|Any CPU
		{A66651A8-2A51-43BB-B78F-876FCFBD3C12}.EYLocal|Any CPU.Build.0 = Release|Any CPU
		{A66651A8-2A51-43BB-B78F-876FCFBD3C12}.EYLocal|Mixed Platforms.ActiveCfg = Release|Any CPU
		{A66651A8-2A51-43BB-B78F-876FCFBD3C12}.EYLocal|Mixed Platforms.Build.0 = Release|Any CPU
		{A66651A8-2A51-43BB-B78F-876FCFBD3C12}.EYLocal|x86.ActiveCfg = Release|Any CPU
		{A66651A8-2A51-43BB-B78F-876FCFBD3C12}.EYLocal|x86.Build.0 = Release|Any CPU
		{A66651A8-2A51-43BB-B78F-876FCFBD3C12}.EYTest|Any CPU.ActiveCfg = Release|Any CPU
		{A66651A8-2A51-43BB-B78F-876FCFBD3C12}.EYTest|Any CPU.Build.0 = Release|Any CPU
		{A66651A8-2A51-43BB-B78F-876FCFBD3C12}.EYTest|Mixed Platforms.ActiveCfg = Release|Any CPU
		{A66651A8-2A51-43BB-B78F-876FCFBD3C12}.EYTest|Mixed Platforms.Build.0 = Release|Any CPU
		{A66651A8-2A51-43BB-B78F-876FCFBD3C12}.EYTest|x86.ActiveCfg = Release|Any CPU
		{A66651A8-2A51-43BB-B78F-876FCFBD3C12}.EYTest|x86.Build.0 = Release|Any CPU
		{A66651A8-2A51-43BB-B78F-876FCFBD3C12}.Release|Any CPU.ActiveCfg = Release|Any CPU
		{A66651A8-2A51-43BB-B78F-876FCFBD3C12}.Release|Any CPU.Build.0 = Release|Any CPU
		{A66651A8-2A51-43BB-B78F-876FCFBD3C12}.Release|Mixed Platforms.ActiveCfg = Release|Any CPU
		{A66651A8-2A51-43BB-B78F-876FCFBD3C12}.Release|Mixed Platforms.Build.0 = Release|Any CPU
		{A66651A8-2A51-43BB-B78F-876FCFBD3C12}.Release|x86.ActiveCfg = Release|Any CPU
		{A66651A8-2A51-43BB-B78F-876FCFBD3C12}.Release|x86.Build.0 = Release|Any CPU
		{7BE698F3-F51D-41A4-ACEF-55FD2D0A3C2F}.Debug|Any CPU.ActiveCfg = Debug|Any CPU
		{7BE698F3-F51D-41A4-ACEF-55FD2D0A3C2F}.Debug|Any CPU.Build.0 = Debug|Any CPU
		{7BE698F3-F51D-41A4-ACEF-55FD2D0A3C2F}.Debug|Mixed Platforms.ActiveCfg = Debug|Any CPU
		{7BE698F3-F51D-41A4-ACEF-55FD2D0A3C2F}.Debug|Mixed Platforms.Build.0 = Debug|Any CPU
		{7BE698F3-F51D-41A4-ACEF-55FD2D0A3C2F}.Debug|x86.ActiveCfg = Debug|Any CPU
		{7BE698F3-F51D-41A4-ACEF-55FD2D0A3C2F}.Debug|x86.Build.0 = Debug|Any CPU
		{7BE698F3-F51D-41A4-ACEF-55FD2D0A3C2F}.EYLocal|Any CPU.ActiveCfg = Release|Any CPU
		{7BE698F3-F51D-41A4-ACEF-55FD2D0A3C2F}.EYLocal|Any CPU.Build.0 = Release|Any CPU
		{7BE698F3-F51D-41A4-ACEF-55FD2D0A3C2F}.EYLocal|Mixed Platforms.ActiveCfg = Release|Any CPU
		{7BE698F3-F51D-41A4-ACEF-55FD2D0A3C2F}.EYLocal|Mixed Platforms.Build.0 = Release|Any CPU
		{7BE698F3-F51D-41A4-ACEF-55FD2D0A3C2F}.EYLocal|x86.ActiveCfg = Release|Any CPU
		{7BE698F3-F51D-41A4-ACEF-55FD2D0A3C2F}.EYLocal|x86.Build.0 = Release|Any CPU
		{7BE698F3-F51D-41A4-ACEF-55FD2D0A3C2F}.EYTest|Any CPU.ActiveCfg = Release|Any CPU
		{7BE698F3-F51D-41A4-ACEF-55FD2D0A3C2F}.EYTest|Any CPU.Build.0 = Release|Any CPU
		{7BE698F3-F51D-41A4-ACEF-55FD2D0A3C2F}.EYTest|Mixed Platforms.ActiveCfg = Release|Any CPU
		{7BE698F3-F51D-41A4-ACEF-55FD2D0A3C2F}.EYTest|Mixed Platforms.Build.0 = Release|Any CPU
		{7BE698F3-F51D-41A4-ACEF-55FD2D0A3C2F}.EYTest|x86.ActiveCfg = Release|Any CPU
		{7BE698F3-F51D-41A4-ACEF-55FD2D0A3C2F}.EYTest|x86.Build.0 = Release|Any CPU
		{7BE698F3-F51D-41A4-ACEF-55FD2D0A3C2F}.Release|Any CPU.ActiveCfg = Release|Any CPU
		{7BE698F3-F51D-41A4-ACEF-55FD2D0A3C2F}.Release|Any CPU.Build.0 = Release|Any CPU
		{7BE698F3-F51D-41A4-ACEF-55FD2D0A3C2F}.Release|Mixed Platforms.ActiveCfg = Release|Any CPU
		{7BE698F3-F51D-41A4-ACEF-55FD2D0A3C2F}.Release|Mixed Platforms.Build.0 = Release|Any CPU
		{7BE698F3-F51D-41A4-ACEF-55FD2D0A3C2F}.Release|x86.ActiveCfg = Release|Any CPU
		{7BE698F3-F51D-41A4-ACEF-55FD2D0A3C2F}.Release|x86.Build.0 = Release|Any CPU
		{D99D672F-B160-430A-8652-3F53D0DA8154}.Debug|Any CPU.ActiveCfg = Debug|Any CPU
		{D99D672F-B160-430A-8652-3F53D0DA8154}.Debug|Any CPU.Build.0 = Debug|Any CPU
		{D99D672F-B160-430A-8652-3F53D0DA8154}.Debug|Mixed Platforms.ActiveCfg = Debug|Any CPU
		{D99D672F-B160-430A-8652-3F53D0DA8154}.Debug|Mixed Platforms.Build.0 = Debug|Any CPU
		{D99D672F-B160-430A-8652-3F53D0DA8154}.Debug|x86.ActiveCfg = Debug|Any CPU
		{D99D672F-B160-430A-8652-3F53D0DA8154}.Debug|x86.Build.0 = Debug|Any CPU
		{D99D672F-B160-430A-8652-3F53D0DA8154}.EYLocal|Any CPU.ActiveCfg = Release|Any CPU
		{D99D672F-B160-430A-8652-3F53D0DA8154}.EYLocal|Any CPU.Build.0 = Release|Any CPU
		{D99D672F-B160-430A-8652-3F53D0DA8154}.EYLocal|Mixed Platforms.ActiveCfg = Release|Any CPU
		{D99D672F-B160-430A-8652-3F53D0DA8154}.EYLocal|Mixed Platforms.Build.0 = Release|Any CPU
		{D99D672F-B160-430A-8652-3F53D0DA8154}.EYLocal|x86.ActiveCfg = Release|Any CPU
		{D99D672F-B160-430A-8652-3F53D0DA8154}.EYLocal|x86.Build.0 = Release|Any CPU
		{D99D672F-B160-430A-8652-3F53D0DA8154}.EYTest|Any CPU.ActiveCfg = Release|Any CPU
		{D99D672F-B160-430A-8652-3F53D0DA8154}.EYTest|Any CPU.Build.0 = Release|Any CPU
		{D99D672F-B160-430A-8652-3F53D0DA8154}.EYTest|Mixed Platforms.ActiveCfg = Release|Any CPU
		{D99D672F-B160-430A-8652-3F53D0DA8154}.EYTest|Mixed Platforms.Build.0 = Release|Any CPU
		{D99D672F-B160-430A-8652-3F53D0DA8154}.EYTest|x86.ActiveCfg = Release|Any CPU
		{D99D672F-B160-430A-8652-3F53D0DA8154}.EYTest|x86.Build.0 = Release|Any CPU
		{D99D672F-B160-430A-8652-3F53D0DA8154}.Release|Any CPU.ActiveCfg = Release|Any CPU
		{D99D672F-B160-430A-8652-3F53D0DA8154}.Release|Any CPU.Build.0 = Release|Any CPU
		{D99D672F-B160-430A-8652-3F53D0DA8154}.Release|Mixed Platforms.ActiveCfg = Release|Any CPU
		{D99D672F-B160-430A-8652-3F53D0DA8154}.Release|Mixed Platforms.Build.0 = Release|Any CPU
		{D99D672F-B160-430A-8652-3F53D0DA8154}.Release|x86.ActiveCfg = Release|Any CPU
		{D99D672F-B160-430A-8652-3F53D0DA8154}.Release|x86.Build.0 = Release|Any CPU
		{77DF8162-AA2A-4B1E-A201-18663FA66206}.Debug|Any CPU.ActiveCfg = Debug|Any CPU
		{77DF8162-AA2A-4B1E-A201-18663FA66206}.Debug|Any CPU.Build.0 = Debug|Any CPU
		{77DF8162-AA2A-4B1E-A201-18663FA66206}.Debug|Mixed Platforms.ActiveCfg = Debug|Any CPU
		{77DF8162-AA2A-4B1E-A201-18663FA66206}.Debug|Mixed Platforms.Build.0 = Debug|Any CPU
		{77DF8162-AA2A-4B1E-A201-18663FA66206}.Debug|x86.ActiveCfg = Debug|Any CPU
		{77DF8162-AA2A-4B1E-A201-18663FA66206}.Debug|x86.Build.0 = Debug|Any CPU
		{77DF8162-AA2A-4B1E-A201-18663FA66206}.EYLocal|Any CPU.ActiveCfg = EYLocal|Any CPU
		{77DF8162-AA2A-4B1E-A201-18663FA66206}.EYLocal|Any CPU.Build.0 = EYLocal|Any CPU
		{77DF8162-AA2A-4B1E-A201-18663FA66206}.EYLocal|Mixed Platforms.ActiveCfg = EYLocal|Any CPU
		{77DF8162-AA2A-4B1E-A201-18663FA66206}.EYLocal|Mixed Platforms.Build.0 = EYLocal|Any CPU
		{77DF8162-AA2A-4B1E-A201-18663FA66206}.EYLocal|x86.ActiveCfg = EYLocal|Any CPU
		{77DF8162-AA2A-4B1E-A201-18663FA66206}.EYLocal|x86.Build.0 = EYLocal|Any CPU
		{77DF8162-AA2A-4B1E-A201-18663FA66206}.EYTest|Any CPU.ActiveCfg = EYLocal|Any CPU
		{77DF8162-AA2A-4B1E-A201-18663FA66206}.EYTest|Any CPU.Build.0 = EYLocal|Any CPU
		{77DF8162-AA2A-4B1E-A201-18663FA66206}.EYTest|Mixed Platforms.ActiveCfg = EYLocal|Any CPU
		{77DF8162-AA2A-4B1E-A201-18663FA66206}.EYTest|Mixed Platforms.Build.0 = EYLocal|Any CPU
		{77DF8162-AA2A-4B1E-A201-18663FA66206}.EYTest|x86.ActiveCfg = EYLocal|Any CPU
		{77DF8162-AA2A-4B1E-A201-18663FA66206}.EYTest|x86.Build.0 = EYLocal|Any CPU
		{77DF8162-AA2A-4B1E-A201-18663FA66206}.Release|Any CPU.ActiveCfg = Release|Any CPU
		{77DF8162-AA2A-4B1E-A201-18663FA66206}.Release|Any CPU.Build.0 = Release|Any CPU
		{77DF8162-AA2A-4B1E-A201-18663FA66206}.Release|Mixed Platforms.ActiveCfg = Release|Any CPU
		{77DF8162-AA2A-4B1E-A201-18663FA66206}.Release|Mixed Platforms.Build.0 = Release|Any CPU
		{77DF8162-AA2A-4B1E-A201-18663FA66206}.Release|x86.ActiveCfg = Release|Any CPU
		{77DF8162-AA2A-4B1E-A201-18663FA66206}.Release|x86.Build.0 = Release|Any CPU
		{D4E5B394-4405-4A34-8A68-DF05A860FA57}.Debug|Any CPU.ActiveCfg = Debug|Any CPU
		{D4E5B394-4405-4A34-8A68-DF05A860FA57}.Debug|Any CPU.Build.0 = Debug|Any CPU
		{D4E5B394-4405-4A34-8A68-DF05A860FA57}.Debug|Mixed Platforms.ActiveCfg = Debug|Any CPU
		{D4E5B394-4405-4A34-8A68-DF05A860FA57}.Debug|Mixed Platforms.Build.0 = Debug|Any CPU
		{D4E5B394-4405-4A34-8A68-DF05A860FA57}.Debug|x86.ActiveCfg = Debug|Any CPU
		{D4E5B394-4405-4A34-8A68-DF05A860FA57}.Debug|x86.Build.0 = Debug|Any CPU
		{D4E5B394-4405-4A34-8A68-DF05A860FA57}.EYLocal|Any CPU.ActiveCfg = Release|Any CPU
		{D4E5B394-4405-4A34-8A68-DF05A860FA57}.EYLocal|Any CPU.Build.0 = Release|Any CPU
		{D4E5B394-4405-4A34-8A68-DF05A860FA57}.EYLocal|Mixed Platforms.ActiveCfg = Release|Any CPU
		{D4E5B394-4405-4A34-8A68-DF05A860FA57}.EYLocal|Mixed Platforms.Build.0 = Release|Any CPU
		{D4E5B394-4405-4A34-8A68-DF05A860FA57}.EYLocal|x86.ActiveCfg = Release|Any CPU
		{D4E5B394-4405-4A34-8A68-DF05A860FA57}.EYLocal|x86.Build.0 = Release|Any CPU
		{D4E5B394-4405-4A34-8A68-DF05A860FA57}.EYTest|Any CPU.ActiveCfg = Release|Any CPU
		{D4E5B394-4405-4A34-8A68-DF05A860FA57}.EYTest|Any CPU.Build.0 = Release|Any CPU
		{D4E5B394-4405-4A34-8A68-DF05A860FA57}.EYTest|Mixed Platforms.ActiveCfg = Release|Any CPU
		{D4E5B394-4405-4A34-8A68-DF05A860FA57}.EYTest|Mixed Platforms.Build.0 = Release|Any CPU
		{D4E5B394-4405-4A34-8A68-DF05A860FA57}.EYTest|x86.ActiveCfg = Release|Any CPU
		{D4E5B394-4405-4A34-8A68-DF05A860FA57}.EYTest|x86.Build.0 = Release|Any CPU
		{D4E5B394-4405-4A34-8A68-DF05A860FA57}.Release|Any CPU.ActiveCfg = Release|Any CPU
		{D4E5B394-4405-4A34-8A68-DF05A860FA57}.Release|Any CPU.Build.0 = Release|Any CPU
		{D4E5B394-4405-4A34-8A68-DF05A860FA57}.Release|Mixed Platforms.ActiveCfg = Release|Any CPU
		{D4E5B394-4405-4A34-8A68-DF05A860FA57}.Release|Mixed Platforms.Build.0 = Release|Any CPU
		{D4E5B394-4405-4A34-8A68-DF05A860FA57}.Release|x86.ActiveCfg = Release|Any CPU
		{D4E5B394-4405-4A34-8A68-DF05A860FA57}.Release|x86.Build.0 = Release|Any CPU
		{15237DFA-52EE-414A-A02E-35BFA953ABDA}.Debug|Any CPU.ActiveCfg = Debug|Any CPU
		{15237DFA-52EE-414A-A02E-35BFA953ABDA}.Debug|Any CPU.Build.0 = Debug|Any CPU
		{15237DFA-52EE-414A-A02E-35BFA953ABDA}.Debug|Mixed Platforms.ActiveCfg = Debug|Any CPU
		{15237DFA-52EE-414A-A02E-35BFA953ABDA}.Debug|Mixed Platforms.Build.0 = Debug|Any CPU
		{15237DFA-52EE-414A-A02E-35BFA953ABDA}.Debug|x86.ActiveCfg = Debug|Any CPU
		{15237DFA-52EE-414A-A02E-35BFA953ABDA}.Debug|x86.Build.0 = Debug|Any CPU
		{15237DFA-52EE-414A-A02E-35BFA953ABDA}.EYLocal|Any CPU.ActiveCfg = Release|Any CPU
		{15237DFA-52EE-414A-A02E-35BFA953ABDA}.EYLocal|Any CPU.Build.0 = Release|Any CPU
		{15237DFA-52EE-414A-A02E-35BFA953ABDA}.EYLocal|Mixed Platforms.ActiveCfg = Release|Any CPU
		{15237DFA-52EE-414A-A02E-35BFA953ABDA}.EYLocal|Mixed Platforms.Build.0 = Release|Any CPU
		{15237DFA-52EE-414A-A02E-35BFA953ABDA}.EYLocal|x86.ActiveCfg = Release|Any CPU
		{15237DFA-52EE-414A-A02E-35BFA953ABDA}.EYLocal|x86.Build.0 = Release|Any CPU
		{15237DFA-52EE-414A-A02E-35BFA953ABDA}.EYTest|Any CPU.ActiveCfg = Release|Any CPU
		{15237DFA-52EE-414A-A02E-35BFA953ABDA}.EYTest|Any CPU.Build.0 = Release|Any CPU
		{15237DFA-52EE-414A-A02E-35BFA953ABDA}.EYTest|Mixed Platforms.ActiveCfg = Release|Any CPU
		{15237DFA-52EE-414A-A02E-35BFA953ABDA}.EYTest|Mixed Platforms.Build.0 = Release|Any CPU
		{15237DFA-52EE-414A-A02E-35BFA953ABDA}.EYTest|x86.ActiveCfg = Release|Any CPU
		{15237DFA-52EE-414A-A02E-35BFA953ABDA}.EYTest|x86.Build.0 = Release|Any CPU
		{15237DFA-52EE-414A-A02E-35BFA953ABDA}.Release|Any CPU.ActiveCfg = Release|Any CPU
		{15237DFA-52EE-414A-A02E-35BFA953ABDA}.Release|Any CPU.Build.0 = Release|Any CPU
		{15237DFA-52EE-414A-A02E-35BFA953ABDA}.Release|Mixed Platforms.ActiveCfg = Release|Any CPU
		{15237DFA-52EE-414A-A02E-35BFA953ABDA}.Release|Mixed Platforms.Build.0 = Release|Any CPU
		{15237DFA-52EE-414A-A02E-35BFA953ABDA}.Release|x86.ActiveCfg = Release|Any CPU
		{15237DFA-52EE-414A-A02E-35BFA953ABDA}.Release|x86.Build.0 = Release|Any CPU
		{2EAB3DD3-8FA8-42B8-852E-49BAFF84C5D1}.Debug|Any CPU.ActiveCfg = Debug|Any CPU
		{2EAB3DD3-8FA8-42B8-852E-49BAFF84C5D1}.Debug|Any CPU.Build.0 = Debug|Any CPU
		{2EAB3DD3-8FA8-42B8-852E-49BAFF84C5D1}.Debug|Mixed Platforms.ActiveCfg = Debug|Any CPU
		{2EAB3DD3-8FA8-42B8-852E-49BAFF84C5D1}.Debug|Mixed Platforms.Build.0 = Debug|Any CPU
		{2EAB3DD3-8FA8-42B8-852E-49BAFF84C5D1}.Debug|x86.ActiveCfg = Debug|Any CPU
		{2EAB3DD3-8FA8-42B8-852E-49BAFF84C5D1}.Debug|x86.Build.0 = Debug|Any CPU
		{2EAB3DD3-8FA8-42B8-852E-49BAFF84C5D1}.EYLocal|Any CPU.ActiveCfg = Release|Any CPU
		{2EAB3DD3-8FA8-42B8-852E-49BAFF84C5D1}.EYLocal|Any CPU.Build.0 = Release|Any CPU
		{2EAB3DD3-8FA8-42B8-852E-49BAFF84C5D1}.EYLocal|Mixed Platforms.ActiveCfg = Release|Any CPU
		{2EAB3DD3-8FA8-42B8-852E-49BAFF84C5D1}.EYLocal|Mixed Platforms.Build.0 = Release|Any CPU
		{2EAB3DD3-8FA8-42B8-852E-49BAFF84C5D1}.EYLocal|x86.ActiveCfg = Release|Any CPU
		{2EAB3DD3-8FA8-42B8-852E-49BAFF84C5D1}.EYLocal|x86.Build.0 = Release|Any CPU
		{2EAB3DD3-8FA8-42B8-852E-49BAFF84C5D1}.EYTest|Any CPU.ActiveCfg = Release|Any CPU
		{2EAB3DD3-8FA8-42B8-852E-49BAFF84C5D1}.EYTest|Any CPU.Build.0 = Release|Any CPU
		{2EAB3DD3-8FA8-42B8-852E-49BAFF84C5D1}.EYTest|Mixed Platforms.ActiveCfg = Release|Any CPU
		{2EAB3DD3-8FA8-42B8-852E-49BAFF84C5D1}.EYTest|Mixed Platforms.Build.0 = Release|Any CPU
		{2EAB3DD3-8FA8-42B8-852E-49BAFF84C5D1}.EYTest|x86.ActiveCfg = Release|Any CPU
		{2EAB3DD3-8FA8-42B8-852E-49BAFF84C5D1}.EYTest|x86.Build.0 = Release|Any CPU
		{2EAB3DD3-8FA8-42B8-852E-49BAFF84C5D1}.Release|Any CPU.ActiveCfg = Release|Any CPU
		{2EAB3DD3-8FA8-42B8-852E-49BAFF84C5D1}.Release|Any CPU.Build.0 = Release|Any CPU
		{2EAB3DD3-8FA8-42B8-852E-49BAFF84C5D1}.Release|Mixed Platforms.ActiveCfg = Release|Any CPU
		{2EAB3DD3-8FA8-42B8-852E-49BAFF84C5D1}.Release|Mixed Platforms.Build.0 = Release|Any CPU
		{2EAB3DD3-8FA8-42B8-852E-49BAFF84C5D1}.Release|x86.ActiveCfg = Release|Any CPU
		{2EAB3DD3-8FA8-42B8-852E-49BAFF84C5D1}.Release|x86.Build.0 = Release|Any CPU
	EndGlobalSection
	GlobalSection(SolutionProperties) = preSolution
		HideSolutionNode = FALSE
	EndGlobalSection
	GlobalSection(NestedProjects) = preSolution
		{715759C0-60C5-40CE-95BA-D98141B0F811} = {B56F4651-3481-412C-BA2B-1BF404EFD68A}
		{1E4C83A3-A13D-4F91-A53A-CAB934691E06} = {B66A211B-7835-4FEF-83D7-C72FEB784E95}
		{FBCDEF72-7186-4CA6-9486-FAC6B8CE2D96} = {9CD1AE7F-4D76-4430-A81F-EC136BDD6D21}
		{CC0E55D5-A6C7-45DC-A3EC-EAF4AEBD7B28} = {FBD582C4-1275-4212-9196-992BFAE48D01}
		{772FDB11-11C0-496C-9AE3-2C98490E7EBB} = {63D49028-2C5B-4C2E-AF1F-C90B0052D7C7}
		{434B9E5E-8907-4319-8F2F-008CC1E1407D} = {B56F4651-3481-412C-BA2B-1BF404EFD68A}
		{F1B70C19-99F9-412B-A608-511DE9FE7E29} = {715759C0-60C5-40CE-95BA-D98141B0F811}
		{C875135E-EEA0-423F-90E9-CD590B16E572} = {FBD582C4-1275-4212-9196-992BFAE48D01}
		{D81FC1C7-2D3C-41A6-AFA4-05FFA850360E} = {FBD582C4-1275-4212-9196-992BFAE48D01}
		{72C061F8-886C-48E6-A5FC-E9D4077ECCC6} = {01189695-E754-48AE-8F79-3180BEEC5A3F}
		{2878DE36-5734-423A-A675-42B00FDD4DA5} = {3C57A81A-578E-41DD-93EF-85A943A7E7B0}
		{E5E2680D-E96E-41B4-9508-05DDC557EB89} = {FBD582C4-1275-4212-9196-992BFAE48D01}
		{814006A2-C815-45F2-A165-42CD5764C0E7} = {B56F4651-3481-412C-BA2B-1BF404EFD68A}
		{6FC8AFCB-CFD5-4537-BCF4-719FCDC42E4A} = {3C57A81A-578E-41DD-93EF-85A943A7E7B0}
		{3EE0D0F5-11CC-47C3-9442-CDA11D58FB0E} = {3C57A81A-578E-41DD-93EF-85A943A7E7B0}
		{98C1CCED-5CED-48C8-B62A-B880D28AE1DA} = {01189695-E754-48AE-8F79-3180BEEC5A3F}
		{35551AE0-561D-4022-A335-4670DB20C207} = {3C57A81A-578E-41DD-93EF-85A943A7E7B0}
		{DE1A6FEA-BFDE-40AB-B8F9-ACF1917771D0} = {3C57A81A-578E-41DD-93EF-85A943A7E7B0}
		{531792EC-2AF7-40DA-9B69-BA4516609238} = {01189695-E754-48AE-8F79-3180BEEC5A3F}
		{49F9BCA3-2E43-4ADD-8DA7-D4071D3351F6} = {63D49028-2C5B-4C2E-AF1F-C90B0052D7C7}
		{42DF4E56-5C9B-4204-B409-30DF623D3929} = {8A795F06-2C95-4CBA-BDA9-A4E6D62F912E}
		{F10EC77C-2412-46B1-92A8-5BA0C5214F6E} = {E31B9467-3F0B-4E21-B28A-362C55A0A0C5}
		{01D62D50-0DB7-499F-9102-7759334A025F} = {8A795F06-2C95-4CBA-BDA9-A4E6D62F912E}
		{E4B158F3-CC77-48FE-B5B6-3B59C5836FCB} = {8A795F06-2C95-4CBA-BDA9-A4E6D62F912E}
		{D78C4E5A-1F77-4BD9-BD4D-264EA70FDFB4} = {4292E5E5-C62C-415D-A308-316F706A2710}
		{2EE4D98D-6166-4C1E-8AB7-E1EE8143C5DD} = {F10EC77C-2412-46B1-92A8-5BA0C5214F6E}
		{613C6D61-EC4E-4940-9512-25012448E173} = {F10EC77C-2412-46B1-92A8-5BA0C5214F6E}
		{EAC92663-BBBE-478E-AFE3-0E64D60E748A} = {3C57A81A-578E-41DD-93EF-85A943A7E7B0}
		{224975B1-4F38-45BF-B7A1-C91DF285280A} = {8A795F06-2C95-4CBA-BDA9-A4E6D62F912E}
		{6C1200CB-3A71-4A9C-BDD7-F3B453AE74F1} = {F10EC77C-2412-46B1-92A8-5BA0C5214F6E}
		{BD749EA9-471A-4261-A0FC-C498BA3C7036} = {B56F4651-3481-412C-BA2B-1BF404EFD68A}
		{DEEB6DBB-685C-42BC-8144-599BF33C30EA} = {B56F4651-3481-412C-BA2B-1BF404EFD68A}
		{A66651A8-2A51-43BB-B78F-876FCFBD3C12} = {0FEE8260-76D7-4BD7-B918-DAA3AD975E9B}
		{7BE698F3-F51D-41A4-ACEF-55FD2D0A3C2F} = {56D7239C-FEF8-40F2-88C1-CD08ED9929F2}
		{D99D672F-B160-430A-8652-3F53D0DA8154} = {01189695-E754-48AE-8F79-3180BEEC5A3F}
		{77DF8162-AA2A-4B1E-A201-18663FA66206} = {FBD582C4-1275-4212-9196-992BFAE48D01}
		{28D4CFB8-A93E-4F33-AB6F-473937AB4EF7} = {E31B9467-3F0B-4E21-B28A-362C55A0A0C5}
		{D4E5B394-4405-4A34-8A68-DF05A860FA57} = {3C57A81A-578E-41DD-93EF-85A943A7E7B0}
		{15237DFA-52EE-414A-A02E-35BFA953ABDA} = {B56F4651-3481-412C-BA2B-1BF404EFD68A}
		{2EAB3DD3-8FA8-42B8-852E-49BAFF84C5D1} = {56D7239C-FEF8-40F2-88C1-CD08ED9929F2}
	EndGlobalSection
	GlobalSection(ExtensibilityGlobals) = postSolution
		SolutionGuid = {5693CB0F-0FC1-4183-B402-E732CD0A45A6}
	EndGlobalSection
	GlobalSection(SubversionScc) = preSolution
		Svn-Managed = True
		Manager = AnkhSVN - Subversion Support for Visual Studio
	EndGlobalSection
EndGlobal
